
Microsoft Visual Studio Solution File, Format Version 12.00
# Visual Studio Version 17
VisualStudioVersion = 17.0.32014.148
MinimumVisualStudioVersion = 10.0.40219.1
Project("{9A19103F-16F7-4668-BE54-9A1E7A4F7556}") = "World.Updater.Actors", "src\World.Updater.Actors\World.Updater.Actors.csproj", "{C8FCCD6E-A79F-4DC5-AAD7-DDF0BFFBD70C}"
EndProject
Project("{9A19103F-16F7-4668-BE54-9A1E7A4F7556}") = "World.Updater.Actors.Tests", "test\World.Updater.Actors.Tests\World.Updater.Actors.Tests.csproj", "{D6FABB49-EFDE-464D-85E8-96AF99E3B07C}"
EndProject
Project("{2150E333-8FDC-42A3-9474-1A3956D46DE8}") = "src", "src", "{28E4E30D-CBD7-47A2-8140-A9E3F7F95973}"
EndProject
Project("{2150E333-8FDC-42A3-9474-1A3956D46DE8}") = "test", "test", "{A1769682-C0E8-400C-8E0F-FB6BA4B7A2CB}"
EndProject
Project("{2150E333-8FDC-42A3-9474-1A3956D46DE8}") = "Solution Items", "Solution Items", "{16CEE4C8-C03E-44E1-B6C8-F33DE81DBE25}"
	ProjectSection(SolutionItems) = preProject
		.editorconfig = .editorconfig
		.gitignore = .gitignore
		Directory.Build.props = Directory.Build.props
		LICENSE = LICENSE
	EndProjectSection
EndProject
Project("{2150E333-8FDC-42A3-9474-1A3956D46DE8}") = "World", "World", "{E4A66A61-A7B7-442F-919D-3E63630AD71B}"
EndProject
Project("{2150E333-8FDC-42A3-9474-1A3956D46DE8}") = "Updater", "Updater", "{E4B71463-5E10-4814-848B-B1E2FEB2471A}"
EndProject
Project("{2150E333-8FDC-42A3-9474-1A3956D46DE8}") = "World", "World", "{C79F960A-0E59-49CF-B203-74A47A62B247}"
EndProject
Project("{2150E333-8FDC-42A3-9474-1A3956D46DE8}") = "Updater", "Updater", "{9C6696E8-EC11-4276-B11B-78AEBCE8A912}"
EndProject
Project("{2150E333-8FDC-42A3-9474-1A3956D46DE8}") = "Model", "Model", "{B453AF91-ADBF-4AD5-B426-19872A2FCE4B}"
EndProject
Project("{FAE04EC0-301F-11D3-BF4B-00C04F79EFBC}") = "World.Model.Actors", "src\World.Model.Actors\World.Model.Actors.csproj", "{273D312A-3459-4372-9A68-2D0EFC3450EB}"
EndProject
Project("{FAE04EC0-301F-11D3-BF4B-00C04F79EFBC}") = "World.Core", "src\World.Core\World.Core.csproj", "{A6E254E3-DBC5-4109-B417-B8B20A4C1B1E}"
EndProject
Global
	GlobalSection(SolutionConfigurationPlatforms) = preSolution
		Debug|Any CPU = Debug|Any CPU
		Release|Any CPU = Release|Any CPU
	EndGlobalSection
	GlobalSection(ProjectConfigurationPlatforms) = postSolution
		{C8FCCD6E-A79F-4DC5-AAD7-DDF0BFFBD70C}.Debug|Any CPU.ActiveCfg = Debug|Any CPU
		{C8FCCD6E-A79F-4DC5-AAD7-DDF0BFFBD70C}.Debug|Any CPU.Build.0 = Debug|Any CPU
		{C8FCCD6E-A79F-4DC5-AAD7-DDF0BFFBD70C}.Release|Any CPU.ActiveCfg = Release|Any CPU
		{C8FCCD6E-A79F-4DC5-AAD7-DDF0BFFBD70C}.Release|Any CPU.Build.0 = Release|Any CPU
		{D6FABB49-EFDE-464D-85E8-96AF99E3B07C}.Debug|Any CPU.ActiveCfg = Debug|Any CPU
		{D6FABB49-EFDE-464D-85E8-96AF99E3B07C}.Debug|Any CPU.Build.0 = Debug|Any CPU
		{D6FABB49-EFDE-464D-85E8-96AF99E3B07C}.Release|Any CPU.ActiveCfg = Release|Any CPU
		{D6FABB49-EFDE-464D-85E8-96AF99E3B07C}.Release|Any CPU.Build.0 = Release|Any CPU
		{273D312A-3459-4372-9A68-2D0EFC3450EB}.Debug|Any CPU.ActiveCfg = Debug|Any CPU
		{273D312A-3459-4372-9A68-2D0EFC3450EB}.Debug|Any CPU.Build.0 = Debug|Any CPU
		{273D312A-3459-4372-9A68-2D0EFC3450EB}.Release|Any CPU.ActiveCfg = Release|Any CPU
		{273D312A-3459-4372-9A68-2D0EFC3450EB}.Release|Any CPU.Build.0 = Release|Any CPU
		{A6E254E3-DBC5-4109-B417-B8B20A4C1B1E}.Debug|Any CPU.ActiveCfg = Debug|Any CPU
		{A6E254E3-DBC5-4109-B417-B8B20A4C1B1E}.Debug|Any CPU.Build.0 = Debug|Any CPU
		{A6E254E3-DBC5-4109-B417-B8B20A4C1B1E}.Release|Any CPU.ActiveCfg = Release|Any CPU
		{A6E254E3-DBC5-4109-B417-B8B20A4C1B1E}.Release|Any CPU.Build.0 = Release|Any CPU
	EndGlobalSection
	GlobalSection(SolutionProperties) = preSolution
		HideSolutionNode = FALSE
	EndGlobalSection
	GlobalSection(NestedProjects) = preSolution
		{C8FCCD6E-A79F-4DC5-AAD7-DDF0BFFBD70C} = {E4B71463-5E10-4814-848B-B1E2FEB2471A}
		{D6FABB49-EFDE-464D-85E8-96AF99E3B07C} = {9C6696E8-EC11-4276-B11B-78AEBCE8A912}
		{E4A66A61-A7B7-442F-919D-3E63630AD71B} = {28E4E30D-CBD7-47A2-8140-A9E3F7F95973}
		{E4B71463-5E10-4814-848B-B1E2FEB2471A} = {E4A66A61-A7B7-442F-919D-3E63630AD71B}
		{C79F960A-0E59-49CF-B203-74A47A62B247} = {A1769682-C0E8-400C-8E0F-FB6BA4B7A2CB}
		{9C6696E8-EC11-4276-B11B-78AEBCE8A912} = {C79F960A-0E59-49CF-B203-74A47A62B247}
		{B453AF91-ADBF-4AD5-B426-19872A2FCE4B} = {E4A66A61-A7B7-442F-919D-3E63630AD71B}
		{273D312A-3459-4372-9A68-2D0EFC3450EB} = {B453AF91-ADBF-4AD5-B426-19872A2FCE4B}
		{A6E254E3-DBC5-4109-B417-B8B20A4C1B1E} = {E4A66A61-A7B7-442F-919D-3E63630AD71B}
	EndGlobalSection
	GlobalSection(ExtensibilityGlobals) = postSolution
		SolutionGuid = {B0890CED-9ABB-4958-8A0E-76E2D8126043}
	EndGlobalSection
EndGlobal
