
Microsoft Visual Studio Solution File, Format Version 12.00
# Visual Studio Version 17
VisualStudioVersion = 17.0.32014.148
MinimumVisualStudioVersion = 10.0.40219.1
Project("{2150E333-8FDC-42A3-9474-1A3956D46DE8}") = "src", "src", "{28E4E30D-CBD7-47A2-8140-A9E3F7F95973}"
EndProject
Project("{2150E333-8FDC-42A3-9474-1A3956D46DE8}") = "test", "test", "{A1769682-C0E8-400C-8E0F-FB6BA4B7A2CB}"
	ProjectSection(SolutionItems) = preProject
		test\.runsettings = test\.runsettings
	EndProjectSection
EndProject
Project("{2150E333-8FDC-42A3-9474-1A3956D46DE8}") = "Solution Items", "Solution Items", "{16CEE4C8-C03E-44E1-B6C8-F33DE81DBE25}"
	ProjectSection(SolutionItems) = preProject
		.editorconfig = .editorconfig
		.gitignore = .gitignore
		.github\dependabot.yml = .github\dependabot.yml
		Directory.Build.props = Directory.Build.props
		Directory.Packages.props = Directory.Packages.props
		forceclean.bat = forceclean.bat
		forceclean.ps1 = forceclean.ps1
		LICENSE = LICENSE
	EndProjectSection
EndProject
Project("{9A19103F-16F7-4668-BE54-9A1E7A4F7556}") = "Common.Core", "src\Common\Core\Common.Core\Common.Core.csproj", "{A6E254E3-DBC5-4109-B417-B8B20A4C1B1E}"
EndProject
Project("{9A19103F-16F7-4668-BE54-9A1E7A4F7556}") = "Server.Actors.Manager.Repositories.DynamoDb", "src\Server\Actors\Server.Actors.Manager.Repositories.DynamoDb\Server.Actors.Manager.Repositories.DynamoDb.csproj", "{E386EEA1-1C74-4522-91F2-404DA9171E35}"
EndProject
Project("{9A19103F-16F7-4668-BE54-9A1E7A4F7556}") = "Server.Worlds.Manager.Repositories.DynamoDb", "src\Server\Worlds\Server.Worlds.Manager.Repositories.DynamoDb\Server.Worlds.Manager.Repositories.DynamoDb.csproj", "{5BABE16B-D17A-4059-99E9-AD83A23DB8DE}"
EndProject
Project("{2150E333-8FDC-42A3-9474-1A3956D46DE8}") = "Common", "Common", "{8D332E78-B3F7-4CF6-8179-1F136C596CE0}"
EndProject
Project("{2150E333-8FDC-42A3-9474-1A3956D46DE8}") = "Core", "Core", "{4DB4965B-653E-4B56-A7C7-449B481B1E2F}"
EndProject
Project("{2150E333-8FDC-42A3-9474-1A3956D46DE8}") = "Server", "Server", "{D6E29321-97D5-47E3-B1F2-AE5FF8B010DB}"
EndProject
Project("{9A19103F-16F7-4668-BE54-9A1E7A4F7556}") = "Server.Worlds.Builder.Lambda", "src\Server\Worlds\Server.Worlds.Builder.Lambda\Server.Worlds.Builder.Lambda.csproj", "{ED23DC55-5805-4C4D-8BA6-5F9F2F727C4E}"
EndProject
Project("{9A19103F-16F7-4668-BE54-9A1E7A4F7556}") = "Server.Worlds.Builder.Lambda.Tests", "test\Server\Worlds\Server.Worlds.Builder.Lambda.Tests\Server.Worlds.Builder.Lambda.Tests.csproj", "{7A5DB26D-AF61-4D6B-B4E9-9364DD56F75D}"
EndProject
Project("{2150E333-8FDC-42A3-9474-1A3956D46DE8}") = "Server", "Server", "{78EA7CDB-298B-46BB-828C-4ADD54FD7138}"
EndProject
Project("{2150E333-8FDC-42A3-9474-1A3956D46DE8}") = "Service", "Service", "{018153D8-46A4-4630-8F4F-CE50BD4843B1}"
EndProject
Project("{2150E333-8FDC-42A3-9474-1A3956D46DE8}") = "WorldBuilders", "WorldBuilders", "{64AB9DEC-C9E1-4EC2-8BA2-0E9C97159365}"
EndProject
Project("{9A19103F-16F7-4668-BE54-9A1E7A4F7556}") = "Common.Worlds.Builder", "src\Common\Worlds\Common.Worlds.Builder\Common.Worlds.Builder.csproj", "{7DB84771-8083-4F2D-B4D2-78757538044A}"
EndProject
Project("{2150E333-8FDC-42A3-9474-1A3956D46DE8}") = "Lambda", "Lambda", "{546060D3-C10F-4824-BA81-FA9E0F7277C9}"
EndProject
Project("{2150E333-8FDC-42A3-9474-1A3956D46DE8}") = ".github", ".github", "{CC1F174E-84FC-44C0-BD5B-15012DCCB094}"
	ProjectSection(SolutionItems) = preProject
		.github\CODEOWNERS = .github\CODEOWNERS
		.github\dependabot.yml = .github\dependabot.yml
	EndProjectSection
EndProject
Project("{2150E333-8FDC-42A3-9474-1A3956D46DE8}") = "workflows", "workflows", "{5E22B6AD-5E96-4D2E-BB11-0BF174B8FD4F}"
	ProjectSection(SolutionItems) = preProject
		.github\workflows\ci.yml = .github\workflows\ci.yml
		.github\workflows\codeql.yml = .github\workflows\codeql.yml
		.github\workflows\deploy.yml = .github\workflows\deploy.yml
	EndProjectSection
EndProject
Project("{2150E333-8FDC-42A3-9474-1A3956D46DE8}") = "terraform", "terraform", "{CFA4F2F0-0437-46BF-931C-B09ECB947603}"
EndProject
Project("{2150E333-8FDC-42A3-9474-1A3956D46DE8}") = "modules", "modules", "{DB909C79-55A2-4099-936B-7EBBBEA1AF89}"
EndProject
Project("{2150E333-8FDC-42A3-9474-1A3956D46DE8}") = "environments", "environments", "{2AAA5A0C-DE1C-4F8E-8C81-E52CEA219AD9}"
EndProject
Project("{2150E333-8FDC-42A3-9474-1A3956D46DE8}") = "dev", "dev", "{D6044069-B5EC-4661-8278-8D557EB90670}"
	ProjectSection(SolutionItems) = preProject
		terraform\environments\dev\.terraform.lock.hcl = terraform\environments\dev\.terraform.lock.hcl
		terraform\environments\dev\backend.tf = terraform\environments\dev\backend.tf
		terraform\environments\dev\infrastructure.tf = terraform\environments\dev\infrastructure.tf
		terraform\environments\dev\versions.tf = terraform\environments\dev\versions.tf
	EndProjectSection
EndProject
Project("{2150E333-8FDC-42A3-9474-1A3956D46DE8}") = "prod", "prod", "{9A3371BE-F461-4CD1-B6D8-584677BB0EDE}"
	ProjectSection(SolutionItems) = preProject
		terraform\environments\prod\.terraform.lock.hcl = terraform\environments\prod\.terraform.lock.hcl
		terraform\environments\prod\backend.tf = terraform\environments\prod\backend.tf
		terraform\environments\prod\infrastructure.tf = terraform\environments\prod\infrastructure.tf
		terraform\environments\prod\versions.tf = terraform\environments\prod\versions.tf
	EndProjectSection
EndProject
Project("{2150E333-8FDC-42A3-9474-1A3956D46DE8}") = "common", "common", "{4954E5CF-4144-4AF8-BEF4-5800886C62A7}"
	ProjectSection(SolutionItems) = preProject
		terraform\common\_inputs.tf = terraform\common\_inputs.tf
		terraform\common\files-manager.tf = terraform\common\files-manager.tf
		terraform\common\shared.tf = terraform\common\shared.tf
	EndProjectSection
EndProject
Project("{2150E333-8FDC-42A3-9474-1A3956D46DE8}") = "Players", "Players", "{4FB19705-8CD9-4D4B-BBF6-E99AE248A0BD}"
EndProject
Project("{9A19103F-16F7-4668-BE54-9A1E7A4F7556}") = "Common.Players.Manager", "src\Common\Players\Common.Players.Manager\Common.Players.Manager.csproj", "{B612212B-6051-47A2-8E8C-E43F2213A8B5}"
EndProject
Project("{9A19103F-16F7-4668-BE54-9A1E7A4F7556}") = "Server.Players.Manager.Repositories.DynamoDb", "src\Server\Players\Server.Players.Manager.Repositories.DynamoDb\Server.Players.Manager.Repositories.DynamoDb.csproj", "{D358BA04-25C0-4629-8BFB-6637006848EB}"
EndProject
Project("{2150E333-8FDC-42A3-9474-1A3956D46DE8}") = "Players", "Players", "{3BB968B3-4066-40B0-BA17-76D1D7ECFDBA}"
EndProject
Project("{9A19103F-16F7-4668-BE54-9A1E7A4F7556}") = "Common.Players.Manager.Tests", "test\Common\Players\Common.Players.Manager.Tests\Common.Players.Manager.Tests.csproj", "{517C4DE7-525F-431C-AB30-7263CF42ADAF}"
EndProject
Project("{2150E333-8FDC-42A3-9474-1A3956D46DE8}") = "Actors", "Actors", "{7EFE6301-F0E7-457E-BB82-7E465230870B}"
EndProject
Project("{9A19103F-16F7-4668-BE54-9A1E7A4F7556}") = "Common.Actors.Manager.Tests", "test\Common\Actors\Common.Actors.Manager.Tests\Common.Actors.Manager.Tests.csproj", "{A9ADFDEF-0782-4519-9347-00CBC9920042}"
EndProject
Project("{9A19103F-16F7-4668-BE54-9A1E7A4F7556}") = "Common.Worlds.Manager.Tests", "test\Common\Worlds\Common.Worlds.Manager.Tests\Common.Worlds.Manager.Tests.csproj", "{DAED92CB-F25B-4437-98A2-E2A074387FF3}"
EndProject
Project("{9A19103F-16F7-4668-BE54-9A1E7A4F7556}") = "Server.Actors.Manager.Repositories.DynamoDb.Tests", "test\Server\Actors\Server.Actors.Manager.Repositories.DynamoDb.Tests\Server.Actors.Manager.Repositories.DynamoDb.Tests.csproj", "{0D524930-330F-47B8-80BB-3D4A4ED5ECAD}"
EndProject
Project("{9A19103F-16F7-4668-BE54-9A1E7A4F7556}") = "Server.Players.Manager.Repositories.DynamoDb.Tests", "test\Server\Players\Server.Players.Manager.Repositories.DynamoDb.Tests\Server.Players.Manager.Repositories.DynamoDb.Tests.csproj", "{CC6AF3B7-0E47-4F54-8CB9-99CB1C446257}"
EndProject
Project("{9A19103F-16F7-4668-BE54-9A1E7A4F7556}") = "Server.Worlds.Manager.Repositories.DynamoDb.Tests", "test\Server\Worlds\Server.Worlds.Manager.Repositories.DynamoDb.Tests\Server.Worlds.Manager.Repositories.DynamoDb.Tests.csproj", "{909FDE69-1233-40F7-A576-4A83B3733797}"
EndProject
Project("{2150E333-8FDC-42A3-9474-1A3956D46DE8}") = "Renderers", "Renderers", "{A28B5AD8-ACAD-41E1-9A40-7A146DEF0C49}"
EndProject
Project("{9A19103F-16F7-4668-BE54-9A1E7A4F7556}") = "Common.Renderers.Bitmap", "src\Common\Renderers\Common.Renderers.Bitmap\Common.Renderers.Bitmap.csproj", "{CC07B933-2DDA-4ECA-A6E7-A3D30CF60652}"
EndProject
Project("{2150E333-8FDC-42A3-9474-1A3956D46DE8}") = "Common", "Common", "{ADEAED9A-1D29-425A-A364-AD6D4F9AC9E4}"
EndProject
Project("{2150E333-8FDC-42A3-9474-1A3956D46DE8}") = "Actors", "Actors", "{8FCD0F31-ADA8-4D38-B2C1-4ADFF6AC30AD}"
EndProject
Project("{2150E333-8FDC-42A3-9474-1A3956D46DE8}") = "Players", "Players", "{DBEC8F0C-1F0D-435B-8A89-7FD25FF5A38E}"
EndProject
Project("{2150E333-8FDC-42A3-9474-1A3956D46DE8}") = "Players", "Players", "{B8F4D712-0A4E-484E-9EB5-8404166D68B0}"
EndProject
Project("{9A19103F-16F7-4668-BE54-9A1E7A4F7556}") = "Common.Worlds.Builder.Tests", "test\Common\Worlds\Common.Worlds.Builder.Tests\Common.Worlds.Builder.Tests.csproj", "{7E913C61-4448-48D3-935D-0C9C9181D1C4}"
EndProject
Project("{2150E333-8FDC-42A3-9474-1A3956D46DE8}") = "Renderers", "Renderers", "{0EA9D036-C52D-4BF9-A6F5-946C1FD9E848}"
EndProject
Project("{9A19103F-16F7-4668-BE54-9A1E7A4F7556}") = "Common.Renderers.Bitmap.Tests", "test\Common\Renderers\Common.Renderers.Bitmap.Tests\Common.Renderers.Bitmap.Tests.csproj", "{9A104EC4-B608-4FC5-9EC5-A842B403770E}"
EndProject
Project("{2150E333-8FDC-42A3-9474-1A3956D46DE8}") = "Files", "Files", "{5E570901-73F2-4CE3-94AB-557705B3A357}"
EndProject
Project("{9A19103F-16F7-4668-BE54-9A1E7A4F7556}") = "Common.Files.Manager", "src\Common\Files\Common.Files.Manager\Common.Files.Manager.csproj", "{90AC12E7-66D6-4658-8B5E-42EB1B7626DC}"
EndProject
Project("{9A19103F-16F7-4668-BE54-9A1E7A4F7556}") = "Server.Files.Manager.Disk", "src\Server\Files\Server.Files.Manager.Disk\Server.Files.Manager.Disk.csproj", "{3D836D9F-F4C7-46A5-A9B2-9226E089A602}"
EndProject
Project("{2150E333-8FDC-42A3-9474-1A3956D46DE8}") = "Files", "Files", "{7BC521B3-B587-4F2D-B0A2-729BCCB70664}"
EndProject
Project("{9A19103F-16F7-4668-BE54-9A1E7A4F7556}") = "Server.Files.Manager.Disk.Tests", "test\Server\Files\Server.Files.Manager.Disk.Tests\Server.Files.Manager.Disk.Tests.csproj", "{3E8C94E8-C039-4E28-A0FE-2D0063F2C3BD}"
EndProject
Project("{2150E333-8FDC-42A3-9474-1A3956D46DE8}") = "files-manager", "files-manager", "{85986A69-7DF1-4D06-B827-B87E074B1095}"
	ProjectSection(SolutionItems) = preProject
		terraform\modules\files-manager\_inputs.tf = terraform\modules\files-manager\_inputs.tf
		terraform\modules\files-manager\_outputs.tf = terraform\modules\files-manager\_outputs.tf
		terraform\modules\files-manager\bucket_files.tf = terraform\modules\files-manager\bucket_files.tf
	EndProjectSection
EndProject
Project("{2150E333-8FDC-42A3-9474-1A3956D46DE8}") = "shared", "shared", "{A753DD61-5704-4BD7-AFC8-359D8E425B99}"
	ProjectSection(SolutionItems) = preProject
		terraform\modules\shared\_inputs.tf = terraform\modules\shared\_inputs.tf
		terraform\modules\shared\_outputs.tf = terraform\modules\shared\_outputs.tf
		terraform\modules\shared\shared_dynamodb_table.tf = terraform\modules\shared\shared_dynamodb_table.tf
	EndProjectSection
EndProject
Project("{2150E333-8FDC-42A3-9474-1A3956D46DE8}") = "Core", "Core", "{B82E4C47-040A-4748-BDAC-3104C67BA6CB}"
EndProject
Project("{9A19103F-16F7-4668-BE54-9A1E7A4F7556}") = "Server.Core", "src\Server\Core\Server.Core\Server.Core.csproj", "{646D9AEE-D22B-4BA5-A562-40D413C1B418}"
EndProject
Project("{9A19103F-16F7-4668-BE54-9A1E7A4F7556}") = "Common.Files.Abstractions", "src\Common\Files\Common.Files.Abstractions\Common.Files.Abstractions.csproj", "{19AA4442-B794-448F-A983-AC09D1AD2C5A}"
EndProject
Project("{9A19103F-16F7-4668-BE54-9A1E7A4F7556}") = "Common.Players.Abstractions", "src\Common\Players\Common.Players.Abstractions\Common.Players.Abstractions.csproj", "{395454A7-D7A0-4182-B5F6-8AFD289860B4}"
EndProject
Project("{9A19103F-16F7-4668-BE54-9A1E7A4F7556}") = "Common.Renderers.Abstractions", "src\Common\Renderers\Common.Renderers.Abstractions\Common.Renderers.Abstractions.csproj", "{52F44E4E-20C0-4215-BE6E-02D10178DD8A}"
EndProject
Project("{2150E333-8FDC-42A3-9474-1A3956D46DE8}") = "Worlds", "Worlds", "{A0A794D7-7913-4536-8CD5-59A0A534B74D}"
EndProject
Project("{9A19103F-16F7-4668-BE54-9A1E7A4F7556}") = "Common.Worlds.Abstractions", "src\Common\Worlds\Common.Worlds.Abstractions\Common.Worlds.Abstractions.csproj", "{159B4AC9-3176-42C8-B689-850D75A91D6C}"
EndProject
Project("{9A19103F-16F7-4668-BE54-9A1E7A4F7556}") = "Common.Worlds.Manager", "src\Common\Worlds\Common.Worlds.Manager\Common.Worlds.Manager.csproj", "{A36A6B61-A202-4F23-B0E4-0C2E7166FE49}"
EndProject
Project("{2150E333-8FDC-42A3-9474-1A3956D46DE8}") = "Worlds", "Worlds", "{E934102F-8A32-4D6F-830B-C46795C71F43}"
EndProject
Project("{2150E333-8FDC-42A3-9474-1A3956D46DE8}") = "Worlds", "Worlds", "{8C4D9309-0CB1-4CDC-9159-B426A0418C75}"
EndProject
Project("{2150E333-8FDC-42A3-9474-1A3956D46DE8}") = "Worlds", "Worlds", "{25446DA8-9C4F-4008-A1A5-62576AC2719C}"
EndProject
Project("{2150E333-8FDC-42A3-9474-1A3956D46DE8}") = "Actors", "Actors", "{EB4798BC-0AFC-4825-BFAF-B0FCE3489A6D}"
EndProject
Project("{9A19103F-16F7-4668-BE54-9A1E7A4F7556}") = "Common.Actors.Abstractions", "src\Common\Actors\Common.Actors.Abstractions\Common.Actors.Abstractions.csproj", "{009229AB-8FA6-49AF-AA85-F82F3CCF3522}"
EndProject
Project("{9A19103F-16F7-4668-BE54-9A1E7A4F7556}") = "Common.Actors.Manager", "src\Common\Actors\Common.Actors.Manager\Common.Actors.Manager.csproj", "{EE1761E3-FFC5-4316-B7A5-3F3CDB1A734A}"
EndProject
Project("{2150E333-8FDC-42A3-9474-1A3956D46DE8}") = "Actors", "Actors", "{585F5E92-8D2D-4F0F-8AA1-3B144EB4E29F}"
EndProject
Project("{2150E333-8FDC-42A3-9474-1A3956D46DE8}") = "Files", "Files", "{91AFCE98-D79E-45DF-A24B-5810061E03F8}"
EndProject
Project("{2150E333-8FDC-42A3-9474-1A3956D46DE8}") = "Manager", "Manager", "{186F3D24-177B-4EA2-BDF5-4783A81EC093}"
EndProject
Project("{2150E333-8FDC-42A3-9474-1A3956D46DE8}") = "Manager", "Manager", "{5AB1A46B-6A99-49D1-BA73-FB3370226221}"
EndProject
Project("{2150E333-8FDC-42A3-9474-1A3956D46DE8}") = "Manager", "Manager", "{DF9D58E1-B62F-41E5-80B4-F9C6C74621BB}"
EndProject
Project("{2150E333-8FDC-42A3-9474-1A3956D46DE8}") = "Bitmap", "Bitmap", "{026CB534-FECA-433F-87B6-D199D968C33A}"
EndProject
Project("{2150E333-8FDC-42A3-9474-1A3956D46DE8}") = "Manager", "Manager", "{7C2DEE2F-0AC2-4545-B480-12F4FE56445C}"
EndProject
Project("{2150E333-8FDC-42A3-9474-1A3956D46DE8}") = "Manager", "Manager", "{4A9771C7-A790-4C23-A046-9CA2352079D8}"
EndProject
Project("{2150E333-8FDC-42A3-9474-1A3956D46DE8}") = "Repositories", "Repositories", "{BF05C04B-8E3D-4A08-B600-F96FA3331597}"
EndProject
Project("{2150E333-8FDC-42A3-9474-1A3956D46DE8}") = "Manager", "Manager", "{188C49C8-B8B3-428B-A621-2CB88ABEE59E}"
EndProject
Project("{2150E333-8FDC-42A3-9474-1A3956D46DE8}") = "Manager", "Manager", "{5077C620-08F0-45B0-98CC-F01B830B52C7}"
EndProject
Project("{2150E333-8FDC-42A3-9474-1A3956D46DE8}") = "Repositories", "Repositories", "{6867D0D2-A686-4448-901C-F26DEEFF44DA}"
EndProject
Project("{2150E333-8FDC-42A3-9474-1A3956D46DE8}") = "Manager", "Manager", "{12B7BBA9-ADCE-4E8F-B563-A7A25C9027FF}"
EndProject
Project("{2150E333-8FDC-42A3-9474-1A3956D46DE8}") = "Repositories", "Repositories", "{65ED1B82-8E5A-4E1C-B3DE-D2F0DDB90FED}"
EndProject
Project("{2150E333-8FDC-42A3-9474-1A3956D46DE8}") = "Manager", "Manager", "{7BD2D70F-816A-4FC1-B648-CE10C8A21A15}"
EndProject
Project("{2150E333-8FDC-42A3-9474-1A3956D46DE8}") = "Manager", "Manager", "{DD939692-46CB-4861-9C00-A99D00905CC8}"
EndProject
Project("{2150E333-8FDC-42A3-9474-1A3956D46DE8}") = "Bitmap", "Bitmap", "{8B32C8CA-834C-44C6-BDBE-CDF89174609C}"
EndProject
Project("{2150E333-8FDC-42A3-9474-1A3956D46DE8}") = "Manager", "Manager", "{5345E1D2-C658-4D75-87B8-17C42C07C166}"
EndProject
Project("{2150E333-8FDC-42A3-9474-1A3956D46DE8}") = "Manager", "Manager", "{B9804619-325B-4981-A745-6060EB336C5D}"
EndProject
Project("{2150E333-8FDC-42A3-9474-1A3956D46DE8}") = "Repositories", "Repositories", "{3AB9061C-A08A-43C5-B4CE-662A4916BC1E}"
EndProject
Project("{2150E333-8FDC-42A3-9474-1A3956D46DE8}") = "Manager", "Manager", "{176D25C8-28C6-4FE0-908E-74733D936C18}"
EndProject
Project("{2150E333-8FDC-42A3-9474-1A3956D46DE8}") = "Manager", "Manager", "{671B6E88-4AD4-460A-B5B7-C7607849D617}"
EndProject
Project("{2150E333-8FDC-42A3-9474-1A3956D46DE8}") = "Repositories", "Repositories", "{7C0E68F7-9649-4EBE-8565-F89C13AA9DEB}"
EndProject
Project("{2150E333-8FDC-42A3-9474-1A3956D46DE8}") = "Manager", "Manager", "{31A9E2EA-034E-49F6-8A0A-FFE6F09738FB}"
EndProject
Project("{2150E333-8FDC-42A3-9474-1A3956D46DE8}") = "Repositories", "Repositories", "{B6535536-A1D2-43CB-A25E-C6FAD537018A}"
EndProject
Project("{2150E333-8FDC-42A3-9474-1A3956D46DE8}") = "Builder", "Builder", "{5B1ABF59-69B6-486F-8A00-6E8F99175316}"
EndProject
Project("{2150E333-8FDC-42A3-9474-1A3956D46DE8}") = "Builder", "Builder", "{C9655001-CA81-49AB-A5E6-84CAA0F5A9C2}"
EndProject
Project("{2150E333-8FDC-42A3-9474-1A3956D46DE8}") = "Builder", "Builder", "{1D8AF1EE-6FA0-4730-B193-92B9AB815B93}"
EndProject
Project("{2150E333-8FDC-42A3-9474-1A3956D46DE8}") = "Lambda", "Lambda", "{0EE93C26-DBE7-48CE-9A9F-39AF2B72152E}"
EndProject
Project("{9A19103F-16F7-4668-BE54-9A1E7A4F7556}") = "Common.Files.Manager.Resource", "src\Common\Files\Common.Files.Manager.Resource\Common.Files.Manager.Resource.csproj", "{45DAE702-A9D8-47F9-A20C-F44C535507EC}"
EndProject
Project("{2150E333-8FDC-42A3-9474-1A3956D46DE8}") = "asset", "asset", "{61F05AE0-0560-4358-B3CA-171B2D6448D8}"
	ProjectSection(SolutionItems) = preProject
		asset\feature_forest.png = asset\feature_forest.png
		asset\feature_water.png = asset\feature_water.png
		asset\hex_blank.png = asset\hex_blank.png
		asset\tile_coast.png = asset\tile_coast.png
		asset\tile_forest.png = asset\tile_forest.png
		asset\tile_grass.png = asset\tile_grass.png
		asset\tile_hill.png = asset\tile_hill.png
		asset\tile_mountain.png = asset\tile_mountain.png
		asset\tile_ocean.png = asset\tile_ocean.png
	EndProjectSection
EndProject
Project("{2150E333-8FDC-42A3-9474-1A3956D46DE8}") = "Disk", "Disk", "{892C5855-11A9-4010-9120-45EBA7295B27}"
EndProject
Project("{2150E333-8FDC-42A3-9474-1A3956D46DE8}") = "Files", "Files", "{3C3BA477-FA73-4439-9E8D-152A21ACDD0A}"
EndProject
Project("{2150E333-8FDC-42A3-9474-1A3956D46DE8}") = "Resource", "Resource", "{FC984EAC-1D81-4428-A040-2DC1670AA6F1}"
EndProject
Project("{2150E333-8FDC-42A3-9474-1A3956D46DE8}") = "Manager", "Manager", "{71436F8C-5F1F-4CF0-97E8-1AA74667D069}"
EndProject
Project("{2150E333-8FDC-42A3-9474-1A3956D46DE8}") = "Resource", "Resource", "{619C55C9-B7D1-415A-8FA1-5A31191E422A}"
EndProject
Project("{9A19103F-16F7-4668-BE54-9A1E7A4F7556}") = "Common.Files.Manager.Resource.Tests", "test\Common\Files\Common.Files.Manager.Resource.Tests\Common.Files.Manager.Resource.Tests.csproj", "{254532DE-8995-49DA-A4A0-A7BC8F6C77B3}"
EndProject
Project("{2150E333-8FDC-42A3-9474-1A3956D46DE8}") = "Minimap", "Minimap", "{5D6FF2A7-E5BB-4F97-9F26-41D61B95DE26}"
EndProject
Project("{9A19103F-16F7-4668-BE54-9A1E7A4F7556}") = "Common.Renderers.Minimap", "src\Common\Renderers\Common.Renderers.Minimap\Common.Renderers.Minimap.csproj", "{313137E0-F67D-4806-B19B-4E5F0FF96D31}"
EndProject
Project("{2150E333-8FDC-42A3-9474-1A3956D46DE8}") = "Minimap", "Minimap", "{823158F5-04B2-4A04-A0A4-348D2E10173D}"
EndProject
Project("{9A19103F-16F7-4668-BE54-9A1E7A4F7556}") = "Common.Renderers.Minimap.Tests", "test\Common\Renderers\Common.Renderers.Minimap.Tests\Common.Renderers.Minimap.Tests.csproj", "{681CE2A5-3A05-4401-9D4A-0367E5716C2D}"
EndProject
Project("{2150E333-8FDC-42A3-9474-1A3956D46DE8}") = "Buffer", "Buffer", "{75B7E73E-843D-49F2-811E-9467F6A9277D}"
EndProject
Project("{9A19103F-16F7-4668-BE54-9A1E7A4F7556}") = "Common.Buffer.Abstractions", "src\Common\Buffer\Common.Buffer.Abstractions\Common.Buffer.Abstractions.csproj", "{35D38DB8-3873-4895-B405-CCD3951528D1}"
EndProject
Project("{9A19103F-16F7-4668-BE54-9A1E7A4F7556}") = "Common.Buffer", "src\Common\Buffer\Common.Buffer\Common.Buffer.csproj", "{74EB9125-1A73-4C28-A31B-DA0CC9421579}"
EndProject
Project("{2150E333-8FDC-42A3-9474-1A3956D46DE8}") = "Float", "Float", "{95ADFEA4-8FEA-4283-AAF8-5CD97C926CE9}"
EndProject
Project("{9A19103F-16F7-4668-BE54-9A1E7A4F7556}") = "Common.Buffer.Float", "src\Common\Buffer\Common.Buffer.Float\Common.Buffer.Float.csproj", "{A1B88156-88C8-40B5-8729-E20B6A25A342}"
EndProject
Project("{2150E333-8FDC-42A3-9474-1A3956D46DE8}") = "Buffer", "Buffer", "{32453C30-328C-4402-BD18-F111587F495F}"
EndProject
Project("{FAE04EC0-301F-11D3-BF4B-00C04F79EFBC}") = "Common.Buffer.Tests", "test\Common\Buffer\Common.Buffer.Tests\Common.Buffer.Tests.csproj", "{C26A875D-734C-448D-A9AD-1D909A6E58D1}"
EndProject
Global
	GlobalSection(SolutionConfigurationPlatforms) = preSolution
		Debug|Any CPU = Debug|Any CPU
		Release|Any CPU = Release|Any CPU
	EndGlobalSection
	GlobalSection(ProjectConfigurationPlatforms) = postSolution
		{A6E254E3-DBC5-4109-B417-B8B20A4C1B1E}.Debug|Any CPU.ActiveCfg = Debug|Any CPU
		{A6E254E3-DBC5-4109-B417-B8B20A4C1B1E}.Debug|Any CPU.Build.0 = Debug|Any CPU
		{A6E254E3-DBC5-4109-B417-B8B20A4C1B1E}.Release|Any CPU.ActiveCfg = Release|Any CPU
		{A6E254E3-DBC5-4109-B417-B8B20A4C1B1E}.Release|Any CPU.Build.0 = Release|Any CPU
		{E386EEA1-1C74-4522-91F2-404DA9171E35}.Debug|Any CPU.ActiveCfg = Debug|Any CPU
		{E386EEA1-1C74-4522-91F2-404DA9171E35}.Debug|Any CPU.Build.0 = Debug|Any CPU
		{E386EEA1-1C74-4522-91F2-404DA9171E35}.Release|Any CPU.ActiveCfg = Release|Any CPU
		{E386EEA1-1C74-4522-91F2-404DA9171E35}.Release|Any CPU.Build.0 = Release|Any CPU
		{5BABE16B-D17A-4059-99E9-AD83A23DB8DE}.Debug|Any CPU.ActiveCfg = Debug|Any CPU
		{5BABE16B-D17A-4059-99E9-AD83A23DB8DE}.Debug|Any CPU.Build.0 = Debug|Any CPU
		{5BABE16B-D17A-4059-99E9-AD83A23DB8DE}.Release|Any CPU.ActiveCfg = Release|Any CPU
		{5BABE16B-D17A-4059-99E9-AD83A23DB8DE}.Release|Any CPU.Build.0 = Release|Any CPU
		{ED23DC55-5805-4C4D-8BA6-5F9F2F727C4E}.Debug|Any CPU.ActiveCfg = Debug|Any CPU
		{ED23DC55-5805-4C4D-8BA6-5F9F2F727C4E}.Debug|Any CPU.Build.0 = Debug|Any CPU
		{ED23DC55-5805-4C4D-8BA6-5F9F2F727C4E}.Release|Any CPU.ActiveCfg = Release|Any CPU
		{ED23DC55-5805-4C4D-8BA6-5F9F2F727C4E}.Release|Any CPU.Build.0 = Release|Any CPU
		{7A5DB26D-AF61-4D6B-B4E9-9364DD56F75D}.Debug|Any CPU.ActiveCfg = Debug|Any CPU
		{7A5DB26D-AF61-4D6B-B4E9-9364DD56F75D}.Debug|Any CPU.Build.0 = Debug|Any CPU
		{7A5DB26D-AF61-4D6B-B4E9-9364DD56F75D}.Release|Any CPU.ActiveCfg = Release|Any CPU
		{7A5DB26D-AF61-4D6B-B4E9-9364DD56F75D}.Release|Any CPU.Build.0 = Release|Any CPU
		{7DB84771-8083-4F2D-B4D2-78757538044A}.Debug|Any CPU.ActiveCfg = Debug|Any CPU
		{7DB84771-8083-4F2D-B4D2-78757538044A}.Debug|Any CPU.Build.0 = Debug|Any CPU
		{7DB84771-8083-4F2D-B4D2-78757538044A}.Release|Any CPU.ActiveCfg = Release|Any CPU
		{7DB84771-8083-4F2D-B4D2-78757538044A}.Release|Any CPU.Build.0 = Release|Any CPU
		{B612212B-6051-47A2-8E8C-E43F2213A8B5}.Debug|Any CPU.ActiveCfg = Debug|Any CPU
		{B612212B-6051-47A2-8E8C-E43F2213A8B5}.Debug|Any CPU.Build.0 = Debug|Any CPU
		{B612212B-6051-47A2-8E8C-E43F2213A8B5}.Release|Any CPU.ActiveCfg = Release|Any CPU
		{B612212B-6051-47A2-8E8C-E43F2213A8B5}.Release|Any CPU.Build.0 = Release|Any CPU
		{D358BA04-25C0-4629-8BFB-6637006848EB}.Debug|Any CPU.ActiveCfg = Debug|Any CPU
		{D358BA04-25C0-4629-8BFB-6637006848EB}.Debug|Any CPU.Build.0 = Debug|Any CPU
		{D358BA04-25C0-4629-8BFB-6637006848EB}.Release|Any CPU.ActiveCfg = Release|Any CPU
		{D358BA04-25C0-4629-8BFB-6637006848EB}.Release|Any CPU.Build.0 = Release|Any CPU
		{517C4DE7-525F-431C-AB30-7263CF42ADAF}.Debug|Any CPU.ActiveCfg = Debug|Any CPU
		{517C4DE7-525F-431C-AB30-7263CF42ADAF}.Debug|Any CPU.Build.0 = Debug|Any CPU
		{517C4DE7-525F-431C-AB30-7263CF42ADAF}.Release|Any CPU.ActiveCfg = Release|Any CPU
		{517C4DE7-525F-431C-AB30-7263CF42ADAF}.Release|Any CPU.Build.0 = Release|Any CPU
		{A9ADFDEF-0782-4519-9347-00CBC9920042}.Debug|Any CPU.ActiveCfg = Debug|Any CPU
		{A9ADFDEF-0782-4519-9347-00CBC9920042}.Debug|Any CPU.Build.0 = Debug|Any CPU
		{A9ADFDEF-0782-4519-9347-00CBC9920042}.Release|Any CPU.ActiveCfg = Release|Any CPU
		{A9ADFDEF-0782-4519-9347-00CBC9920042}.Release|Any CPU.Build.0 = Release|Any CPU
		{DAED92CB-F25B-4437-98A2-E2A074387FF3}.Debug|Any CPU.ActiveCfg = Debug|Any CPU
		{DAED92CB-F25B-4437-98A2-E2A074387FF3}.Debug|Any CPU.Build.0 = Debug|Any CPU
		{DAED92CB-F25B-4437-98A2-E2A074387FF3}.Release|Any CPU.ActiveCfg = Release|Any CPU
		{DAED92CB-F25B-4437-98A2-E2A074387FF3}.Release|Any CPU.Build.0 = Release|Any CPU
		{0D524930-330F-47B8-80BB-3D4A4ED5ECAD}.Debug|Any CPU.ActiveCfg = Debug|Any CPU
		{0D524930-330F-47B8-80BB-3D4A4ED5ECAD}.Debug|Any CPU.Build.0 = Debug|Any CPU
		{0D524930-330F-47B8-80BB-3D4A4ED5ECAD}.Release|Any CPU.ActiveCfg = Release|Any CPU
		{0D524930-330F-47B8-80BB-3D4A4ED5ECAD}.Release|Any CPU.Build.0 = Release|Any CPU
		{CC6AF3B7-0E47-4F54-8CB9-99CB1C446257}.Debug|Any CPU.ActiveCfg = Debug|Any CPU
		{CC6AF3B7-0E47-4F54-8CB9-99CB1C446257}.Debug|Any CPU.Build.0 = Debug|Any CPU
		{CC6AF3B7-0E47-4F54-8CB9-99CB1C446257}.Release|Any CPU.ActiveCfg = Release|Any CPU
		{CC6AF3B7-0E47-4F54-8CB9-99CB1C446257}.Release|Any CPU.Build.0 = Release|Any CPU
		{909FDE69-1233-40F7-A576-4A83B3733797}.Debug|Any CPU.ActiveCfg = Debug|Any CPU
		{909FDE69-1233-40F7-A576-4A83B3733797}.Debug|Any CPU.Build.0 = Debug|Any CPU
		{909FDE69-1233-40F7-A576-4A83B3733797}.Release|Any CPU.ActiveCfg = Release|Any CPU
		{909FDE69-1233-40F7-A576-4A83B3733797}.Release|Any CPU.Build.0 = Release|Any CPU
		{CC07B933-2DDA-4ECA-A6E7-A3D30CF60652}.Debug|Any CPU.ActiveCfg = Debug|Any CPU
		{CC07B933-2DDA-4ECA-A6E7-A3D30CF60652}.Debug|Any CPU.Build.0 = Debug|Any CPU
		{CC07B933-2DDA-4ECA-A6E7-A3D30CF60652}.Release|Any CPU.ActiveCfg = Release|Any CPU
		{CC07B933-2DDA-4ECA-A6E7-A3D30CF60652}.Release|Any CPU.Build.0 = Release|Any CPU
		{7E913C61-4448-48D3-935D-0C9C9181D1C4}.Debug|Any CPU.ActiveCfg = Debug|Any CPU
		{7E913C61-4448-48D3-935D-0C9C9181D1C4}.Debug|Any CPU.Build.0 = Debug|Any CPU
		{7E913C61-4448-48D3-935D-0C9C9181D1C4}.Release|Any CPU.ActiveCfg = Release|Any CPU
		{7E913C61-4448-48D3-935D-0C9C9181D1C4}.Release|Any CPU.Build.0 = Release|Any CPU
		{9A104EC4-B608-4FC5-9EC5-A842B403770E}.Debug|Any CPU.ActiveCfg = Debug|Any CPU
		{9A104EC4-B608-4FC5-9EC5-A842B403770E}.Debug|Any CPU.Build.0 = Debug|Any CPU
		{9A104EC4-B608-4FC5-9EC5-A842B403770E}.Release|Any CPU.ActiveCfg = Release|Any CPU
		{9A104EC4-B608-4FC5-9EC5-A842B403770E}.Release|Any CPU.Build.0 = Release|Any CPU
		{90AC12E7-66D6-4658-8B5E-42EB1B7626DC}.Debug|Any CPU.ActiveCfg = Debug|Any CPU
		{90AC12E7-66D6-4658-8B5E-42EB1B7626DC}.Debug|Any CPU.Build.0 = Debug|Any CPU
		{90AC12E7-66D6-4658-8B5E-42EB1B7626DC}.Release|Any CPU.ActiveCfg = Release|Any CPU
		{90AC12E7-66D6-4658-8B5E-42EB1B7626DC}.Release|Any CPU.Build.0 = Release|Any CPU
		{3D836D9F-F4C7-46A5-A9B2-9226E089A602}.Debug|Any CPU.ActiveCfg = Debug|Any CPU
		{3D836D9F-F4C7-46A5-A9B2-9226E089A602}.Debug|Any CPU.Build.0 = Debug|Any CPU
		{3D836D9F-F4C7-46A5-A9B2-9226E089A602}.Release|Any CPU.ActiveCfg = Release|Any CPU
		{3D836D9F-F4C7-46A5-A9B2-9226E089A602}.Release|Any CPU.Build.0 = Release|Any CPU
		{3E8C94E8-C039-4E28-A0FE-2D0063F2C3BD}.Debug|Any CPU.ActiveCfg = Debug|Any CPU
		{3E8C94E8-C039-4E28-A0FE-2D0063F2C3BD}.Debug|Any CPU.Build.0 = Debug|Any CPU
		{3E8C94E8-C039-4E28-A0FE-2D0063F2C3BD}.Release|Any CPU.ActiveCfg = Release|Any CPU
		{3E8C94E8-C039-4E28-A0FE-2D0063F2C3BD}.Release|Any CPU.Build.0 = Release|Any CPU
		{646D9AEE-D22B-4BA5-A562-40D413C1B418}.Debug|Any CPU.ActiveCfg = Debug|Any CPU
		{646D9AEE-D22B-4BA5-A562-40D413C1B418}.Debug|Any CPU.Build.0 = Debug|Any CPU
		{646D9AEE-D22B-4BA5-A562-40D413C1B418}.Release|Any CPU.ActiveCfg = Release|Any CPU
		{646D9AEE-D22B-4BA5-A562-40D413C1B418}.Release|Any CPU.Build.0 = Release|Any CPU
		{19AA4442-B794-448F-A983-AC09D1AD2C5A}.Debug|Any CPU.ActiveCfg = Debug|Any CPU
		{19AA4442-B794-448F-A983-AC09D1AD2C5A}.Debug|Any CPU.Build.0 = Debug|Any CPU
		{19AA4442-B794-448F-A983-AC09D1AD2C5A}.Release|Any CPU.ActiveCfg = Release|Any CPU
		{19AA4442-B794-448F-A983-AC09D1AD2C5A}.Release|Any CPU.Build.0 = Release|Any CPU
		{395454A7-D7A0-4182-B5F6-8AFD289860B4}.Debug|Any CPU.ActiveCfg = Debug|Any CPU
		{395454A7-D7A0-4182-B5F6-8AFD289860B4}.Debug|Any CPU.Build.0 = Debug|Any CPU
		{395454A7-D7A0-4182-B5F6-8AFD289860B4}.Release|Any CPU.ActiveCfg = Release|Any CPU
		{395454A7-D7A0-4182-B5F6-8AFD289860B4}.Release|Any CPU.Build.0 = Release|Any CPU
		{52F44E4E-20C0-4215-BE6E-02D10178DD8A}.Debug|Any CPU.ActiveCfg = Debug|Any CPU
		{52F44E4E-20C0-4215-BE6E-02D10178DD8A}.Debug|Any CPU.Build.0 = Debug|Any CPU
		{52F44E4E-20C0-4215-BE6E-02D10178DD8A}.Release|Any CPU.ActiveCfg = Release|Any CPU
		{52F44E4E-20C0-4215-BE6E-02D10178DD8A}.Release|Any CPU.Build.0 = Release|Any CPU
		{159B4AC9-3176-42C8-B689-850D75A91D6C}.Debug|Any CPU.ActiveCfg = Debug|Any CPU
		{159B4AC9-3176-42C8-B689-850D75A91D6C}.Debug|Any CPU.Build.0 = Debug|Any CPU
		{159B4AC9-3176-42C8-B689-850D75A91D6C}.Release|Any CPU.ActiveCfg = Release|Any CPU
		{159B4AC9-3176-42C8-B689-850D75A91D6C}.Release|Any CPU.Build.0 = Release|Any CPU
		{A36A6B61-A202-4F23-B0E4-0C2E7166FE49}.Debug|Any CPU.ActiveCfg = Debug|Any CPU
		{A36A6B61-A202-4F23-B0E4-0C2E7166FE49}.Debug|Any CPU.Build.0 = Debug|Any CPU
		{A36A6B61-A202-4F23-B0E4-0C2E7166FE49}.Release|Any CPU.ActiveCfg = Release|Any CPU
		{A36A6B61-A202-4F23-B0E4-0C2E7166FE49}.Release|Any CPU.Build.0 = Release|Any CPU
		{009229AB-8FA6-49AF-AA85-F82F3CCF3522}.Debug|Any CPU.ActiveCfg = Debug|Any CPU
		{009229AB-8FA6-49AF-AA85-F82F3CCF3522}.Debug|Any CPU.Build.0 = Debug|Any CPU
		{009229AB-8FA6-49AF-AA85-F82F3CCF3522}.Release|Any CPU.ActiveCfg = Release|Any CPU
		{009229AB-8FA6-49AF-AA85-F82F3CCF3522}.Release|Any CPU.Build.0 = Release|Any CPU
		{EE1761E3-FFC5-4316-B7A5-3F3CDB1A734A}.Debug|Any CPU.ActiveCfg = Debug|Any CPU
		{EE1761E3-FFC5-4316-B7A5-3F3CDB1A734A}.Debug|Any CPU.Build.0 = Debug|Any CPU
		{EE1761E3-FFC5-4316-B7A5-3F3CDB1A734A}.Release|Any CPU.ActiveCfg = Release|Any CPU
		{EE1761E3-FFC5-4316-B7A5-3F3CDB1A734A}.Release|Any CPU.Build.0 = Release|Any CPU
		{45DAE702-A9D8-47F9-A20C-F44C535507EC}.Debug|Any CPU.ActiveCfg = Debug|Any CPU
		{45DAE702-A9D8-47F9-A20C-F44C535507EC}.Debug|Any CPU.Build.0 = Debug|Any CPU
		{45DAE702-A9D8-47F9-A20C-F44C535507EC}.Release|Any CPU.ActiveCfg = Release|Any CPU
		{45DAE702-A9D8-47F9-A20C-F44C535507EC}.Release|Any CPU.Build.0 = Release|Any CPU
		{254532DE-8995-49DA-A4A0-A7BC8F6C77B3}.Debug|Any CPU.ActiveCfg = Debug|Any CPU
		{254532DE-8995-49DA-A4A0-A7BC8F6C77B3}.Debug|Any CPU.Build.0 = Debug|Any CPU
		{254532DE-8995-49DA-A4A0-A7BC8F6C77B3}.Release|Any CPU.ActiveCfg = Release|Any CPU
		{254532DE-8995-49DA-A4A0-A7BC8F6C77B3}.Release|Any CPU.Build.0 = Release|Any CPU
		{313137E0-F67D-4806-B19B-4E5F0FF96D31}.Debug|Any CPU.ActiveCfg = Debug|Any CPU
		{313137E0-F67D-4806-B19B-4E5F0FF96D31}.Debug|Any CPU.Build.0 = Debug|Any CPU
		{313137E0-F67D-4806-B19B-4E5F0FF96D31}.Release|Any CPU.ActiveCfg = Release|Any CPU
		{313137E0-F67D-4806-B19B-4E5F0FF96D31}.Release|Any CPU.Build.0 = Release|Any CPU
		{681CE2A5-3A05-4401-9D4A-0367E5716C2D}.Debug|Any CPU.ActiveCfg = Debug|Any CPU
		{681CE2A5-3A05-4401-9D4A-0367E5716C2D}.Debug|Any CPU.Build.0 = Debug|Any CPU
		{681CE2A5-3A05-4401-9D4A-0367E5716C2D}.Release|Any CPU.ActiveCfg = Release|Any CPU
		{681CE2A5-3A05-4401-9D4A-0367E5716C2D}.Release|Any CPU.Build.0 = Release|Any CPU
		{35D38DB8-3873-4895-B405-CCD3951528D1}.Debug|Any CPU.ActiveCfg = Debug|Any CPU
		{35D38DB8-3873-4895-B405-CCD3951528D1}.Debug|Any CPU.Build.0 = Debug|Any CPU
		{35D38DB8-3873-4895-B405-CCD3951528D1}.Release|Any CPU.ActiveCfg = Release|Any CPU
		{35D38DB8-3873-4895-B405-CCD3951528D1}.Release|Any CPU.Build.0 = Release|Any CPU
		{74EB9125-1A73-4C28-A31B-DA0CC9421579}.Debug|Any CPU.ActiveCfg = Debug|Any CPU
		{74EB9125-1A73-4C28-A31B-DA0CC9421579}.Debug|Any CPU.Build.0 = Debug|Any CPU
		{74EB9125-1A73-4C28-A31B-DA0CC9421579}.Release|Any CPU.ActiveCfg = Release|Any CPU
		{74EB9125-1A73-4C28-A31B-DA0CC9421579}.Release|Any CPU.Build.0 = Release|Any CPU
		{A1B88156-88C8-40B5-8729-E20B6A25A342}.Debug|Any CPU.ActiveCfg = Debug|Any CPU
		{A1B88156-88C8-40B5-8729-E20B6A25A342}.Debug|Any CPU.Build.0 = Debug|Any CPU
		{A1B88156-88C8-40B5-8729-E20B6A25A342}.Release|Any CPU.ActiveCfg = Release|Any CPU
		{A1B88156-88C8-40B5-8729-E20B6A25A342}.Release|Any CPU.Build.0 = Release|Any CPU
		{C26A875D-734C-448D-A9AD-1D909A6E58D1}.Debug|Any CPU.ActiveCfg = Debug|Any CPU
		{C26A875D-734C-448D-A9AD-1D909A6E58D1}.Debug|Any CPU.Build.0 = Debug|Any CPU
		{C26A875D-734C-448D-A9AD-1D909A6E58D1}.Release|Any CPU.ActiveCfg = Release|Any CPU
		{C26A875D-734C-448D-A9AD-1D909A6E58D1}.Release|Any CPU.Build.0 = Release|Any CPU
	EndGlobalSection
	GlobalSection(SolutionProperties) = preSolution
		HideSolutionNode = FALSE
	EndGlobalSection
	GlobalSection(NestedProjects) = preSolution
		{A6E254E3-DBC5-4109-B417-B8B20A4C1B1E} = {4DB4965B-653E-4B56-A7C7-449B481B1E2F}
		{E386EEA1-1C74-4522-91F2-404DA9171E35} = {BF05C04B-8E3D-4A08-B600-F96FA3331597}
		{5BABE16B-D17A-4059-99E9-AD83A23DB8DE} = {65ED1B82-8E5A-4E1C-B3DE-D2F0DDB90FED}
		{8D332E78-B3F7-4CF6-8179-1F136C596CE0} = {28E4E30D-CBD7-47A2-8140-A9E3F7F95973}
		{4DB4965B-653E-4B56-A7C7-449B481B1E2F} = {8D332E78-B3F7-4CF6-8179-1F136C596CE0}
		{D6E29321-97D5-47E3-B1F2-AE5FF8B010DB} = {28E4E30D-CBD7-47A2-8140-A9E3F7F95973}
		{ED23DC55-5805-4C4D-8BA6-5F9F2F727C4E} = {0EE93C26-DBE7-48CE-9A9F-39AF2B72152E}
		{7A5DB26D-AF61-4D6B-B4E9-9364DD56F75D} = {546060D3-C10F-4824-BA81-FA9E0F7277C9}
		{78EA7CDB-298B-46BB-828C-4ADD54FD7138} = {A1769682-C0E8-400C-8E0F-FB6BA4B7A2CB}
		{018153D8-46A4-4630-8F4F-CE50BD4843B1} = {78EA7CDB-298B-46BB-828C-4ADD54FD7138}
		{64AB9DEC-C9E1-4EC2-8BA2-0E9C97159365} = {018153D8-46A4-4630-8F4F-CE50BD4843B1}
		{7DB84771-8083-4F2D-B4D2-78757538044A} = {5B1ABF59-69B6-486F-8A00-6E8F99175316}
		{546060D3-C10F-4824-BA81-FA9E0F7277C9} = {64AB9DEC-C9E1-4EC2-8BA2-0E9C97159365}
		{CC1F174E-84FC-44C0-BD5B-15012DCCB094} = {16CEE4C8-C03E-44E1-B6C8-F33DE81DBE25}
		{5E22B6AD-5E96-4D2E-BB11-0BF174B8FD4F} = {CC1F174E-84FC-44C0-BD5B-15012DCCB094}
		{CFA4F2F0-0437-46BF-931C-B09ECB947603} = {16CEE4C8-C03E-44E1-B6C8-F33DE81DBE25}
		{DB909C79-55A2-4099-936B-7EBBBEA1AF89} = {CFA4F2F0-0437-46BF-931C-B09ECB947603}
		{2AAA5A0C-DE1C-4F8E-8C81-E52CEA219AD9} = {CFA4F2F0-0437-46BF-931C-B09ECB947603}
		{D6044069-B5EC-4661-8278-8D557EB90670} = {2AAA5A0C-DE1C-4F8E-8C81-E52CEA219AD9}
		{9A3371BE-F461-4CD1-B6D8-584677BB0EDE} = {2AAA5A0C-DE1C-4F8E-8C81-E52CEA219AD9}
		{4954E5CF-4144-4AF8-BEF4-5800886C62A7} = {CFA4F2F0-0437-46BF-931C-B09ECB947603}
		{4FB19705-8CD9-4D4B-BBF6-E99AE248A0BD} = {D6E29321-97D5-47E3-B1F2-AE5FF8B010DB}
		{B612212B-6051-47A2-8E8C-E43F2213A8B5} = {DF9D58E1-B62F-41E5-80B4-F9C6C74621BB}
		{D358BA04-25C0-4629-8BFB-6637006848EB} = {6867D0D2-A686-4448-901C-F26DEEFF44DA}
		{3BB968B3-4066-40B0-BA17-76D1D7ECFDBA} = {78EA7CDB-298B-46BB-828C-4ADD54FD7138}
		{517C4DE7-525F-431C-AB30-7263CF42ADAF} = {DD939692-46CB-4861-9C00-A99D00905CC8}
		{7EFE6301-F0E7-457E-BB82-7E465230870B} = {78EA7CDB-298B-46BB-828C-4ADD54FD7138}
		{A9ADFDEF-0782-4519-9347-00CBC9920042} = {7BD2D70F-816A-4FC1-B648-CE10C8A21A15}
		{DAED92CB-F25B-4437-98A2-E2A074387FF3} = {5345E1D2-C658-4D75-87B8-17C42C07C166}
		{0D524930-330F-47B8-80BB-3D4A4ED5ECAD} = {3AB9061C-A08A-43C5-B4CE-662A4916BC1E}
		{CC6AF3B7-0E47-4F54-8CB9-99CB1C446257} = {7C0E68F7-9649-4EBE-8565-F89C13AA9DEB}
		{909FDE69-1233-40F7-A576-4A83B3733797} = {B6535536-A1D2-43CB-A25E-C6FAD537018A}
		{A28B5AD8-ACAD-41E1-9A40-7A146DEF0C49} = {8D332E78-B3F7-4CF6-8179-1F136C596CE0}
		{CC07B933-2DDA-4ECA-A6E7-A3D30CF60652} = {026CB534-FECA-433F-87B6-D199D968C33A}
		{ADEAED9A-1D29-425A-A364-AD6D4F9AC9E4} = {A1769682-C0E8-400C-8E0F-FB6BA4B7A2CB}
		{8FCD0F31-ADA8-4D38-B2C1-4ADFF6AC30AD} = {ADEAED9A-1D29-425A-A364-AD6D4F9AC9E4}
		{DBEC8F0C-1F0D-435B-8A89-7FD25FF5A38E} = {8D332E78-B3F7-4CF6-8179-1F136C596CE0}
		{B8F4D712-0A4E-484E-9EB5-8404166D68B0} = {ADEAED9A-1D29-425A-A364-AD6D4F9AC9E4}
		{7E913C61-4448-48D3-935D-0C9C9181D1C4} = {C9655001-CA81-49AB-A5E6-84CAA0F5A9C2}
		{0EA9D036-C52D-4BF9-A6F5-946C1FD9E848} = {ADEAED9A-1D29-425A-A364-AD6D4F9AC9E4}
		{9A104EC4-B608-4FC5-9EC5-A842B403770E} = {8B32C8CA-834C-44C6-BDBE-CDF89174609C}
		{5E570901-73F2-4CE3-94AB-557705B3A357} = {8D332E78-B3F7-4CF6-8179-1F136C596CE0}
		{90AC12E7-66D6-4658-8B5E-42EB1B7626DC} = {5AB1A46B-6A99-49D1-BA73-FB3370226221}
		{3D836D9F-F4C7-46A5-A9B2-9226E089A602} = {892C5855-11A9-4010-9120-45EBA7295B27}
		{7BC521B3-B587-4F2D-B0A2-729BCCB70664} = {78EA7CDB-298B-46BB-828C-4ADD54FD7138}
		{3E8C94E8-C039-4E28-A0FE-2D0063F2C3BD} = {176D25C8-28C6-4FE0-908E-74733D936C18}
		{85986A69-7DF1-4D06-B827-B87E074B1095} = {DB909C79-55A2-4099-936B-7EBBBEA1AF89}
		{A753DD61-5704-4BD7-AFC8-359D8E425B99} = {DB909C79-55A2-4099-936B-7EBBBEA1AF89}
		{B82E4C47-040A-4748-BDAC-3104C67BA6CB} = {D6E29321-97D5-47E3-B1F2-AE5FF8B010DB}
		{646D9AEE-D22B-4BA5-A562-40D413C1B418} = {B82E4C47-040A-4748-BDAC-3104C67BA6CB}
		{19AA4442-B794-448F-A983-AC09D1AD2C5A} = {5E570901-73F2-4CE3-94AB-557705B3A357}
		{395454A7-D7A0-4182-B5F6-8AFD289860B4} = {DBEC8F0C-1F0D-435B-8A89-7FD25FF5A38E}
		{52F44E4E-20C0-4215-BE6E-02D10178DD8A} = {A28B5AD8-ACAD-41E1-9A40-7A146DEF0C49}
		{A0A794D7-7913-4536-8CD5-59A0A534B74D} = {8D332E78-B3F7-4CF6-8179-1F136C596CE0}
		{159B4AC9-3176-42C8-B689-850D75A91D6C} = {A0A794D7-7913-4536-8CD5-59A0A534B74D}
		{A36A6B61-A202-4F23-B0E4-0C2E7166FE49} = {7C2DEE2F-0AC2-4545-B480-12F4FE56445C}
		{E934102F-8A32-4D6F-830B-C46795C71F43} = {ADEAED9A-1D29-425A-A364-AD6D4F9AC9E4}
		{8C4D9309-0CB1-4CDC-9159-B426A0418C75} = {D6E29321-97D5-47E3-B1F2-AE5FF8B010DB}
		{25446DA8-9C4F-4008-A1A5-62576AC2719C} = {78EA7CDB-298B-46BB-828C-4ADD54FD7138}
		{EB4798BC-0AFC-4825-BFAF-B0FCE3489A6D} = {8D332E78-B3F7-4CF6-8179-1F136C596CE0}
		{009229AB-8FA6-49AF-AA85-F82F3CCF3522} = {EB4798BC-0AFC-4825-BFAF-B0FCE3489A6D}
		{EE1761E3-FFC5-4316-B7A5-3F3CDB1A734A} = {186F3D24-177B-4EA2-BDF5-4783A81EC093}
		{585F5E92-8D2D-4F0F-8AA1-3B144EB4E29F} = {D6E29321-97D5-47E3-B1F2-AE5FF8B010DB}
		{91AFCE98-D79E-45DF-A24B-5810061E03F8} = {D6E29321-97D5-47E3-B1F2-AE5FF8B010DB}
		{186F3D24-177B-4EA2-BDF5-4783A81EC093} = {EB4798BC-0AFC-4825-BFAF-B0FCE3489A6D}
		{5AB1A46B-6A99-49D1-BA73-FB3370226221} = {5E570901-73F2-4CE3-94AB-557705B3A357}
		{DF9D58E1-B62F-41E5-80B4-F9C6C74621BB} = {DBEC8F0C-1F0D-435B-8A89-7FD25FF5A38E}
		{026CB534-FECA-433F-87B6-D199D968C33A} = {A28B5AD8-ACAD-41E1-9A40-7A146DEF0C49}
		{7C2DEE2F-0AC2-4545-B480-12F4FE56445C} = {A0A794D7-7913-4536-8CD5-59A0A534B74D}
		{4A9771C7-A790-4C23-A046-9CA2352079D8} = {585F5E92-8D2D-4F0F-8AA1-3B144EB4E29F}
		{BF05C04B-8E3D-4A08-B600-F96FA3331597} = {4A9771C7-A790-4C23-A046-9CA2352079D8}
		{188C49C8-B8B3-428B-A621-2CB88ABEE59E} = {91AFCE98-D79E-45DF-A24B-5810061E03F8}
		{5077C620-08F0-45B0-98CC-F01B830B52C7} = {4FB19705-8CD9-4D4B-BBF6-E99AE248A0BD}
		{6867D0D2-A686-4448-901C-F26DEEFF44DA} = {5077C620-08F0-45B0-98CC-F01B830B52C7}
		{12B7BBA9-ADCE-4E8F-B563-A7A25C9027FF} = {8C4D9309-0CB1-4CDC-9159-B426A0418C75}
		{65ED1B82-8E5A-4E1C-B3DE-D2F0DDB90FED} = {12B7BBA9-ADCE-4E8F-B563-A7A25C9027FF}
		{7BD2D70F-816A-4FC1-B648-CE10C8A21A15} = {8FCD0F31-ADA8-4D38-B2C1-4ADFF6AC30AD}
		{DD939692-46CB-4861-9C00-A99D00905CC8} = {B8F4D712-0A4E-484E-9EB5-8404166D68B0}
		{8B32C8CA-834C-44C6-BDBE-CDF89174609C} = {0EA9D036-C52D-4BF9-A6F5-946C1FD9E848}
		{5345E1D2-C658-4D75-87B8-17C42C07C166} = {E934102F-8A32-4D6F-830B-C46795C71F43}
		{B9804619-325B-4981-A745-6060EB336C5D} = {7EFE6301-F0E7-457E-BB82-7E465230870B}
		{3AB9061C-A08A-43C5-B4CE-662A4916BC1E} = {B9804619-325B-4981-A745-6060EB336C5D}
		{176D25C8-28C6-4FE0-908E-74733D936C18} = {7BC521B3-B587-4F2D-B0A2-729BCCB70664}
		{671B6E88-4AD4-460A-B5B7-C7607849D617} = {3BB968B3-4066-40B0-BA17-76D1D7ECFDBA}
		{7C0E68F7-9649-4EBE-8565-F89C13AA9DEB} = {671B6E88-4AD4-460A-B5B7-C7607849D617}
		{31A9E2EA-034E-49F6-8A0A-FFE6F09738FB} = {25446DA8-9C4F-4008-A1A5-62576AC2719C}
		{B6535536-A1D2-43CB-A25E-C6FAD537018A} = {31A9E2EA-034E-49F6-8A0A-FFE6F09738FB}
		{5B1ABF59-69B6-486F-8A00-6E8F99175316} = {A0A794D7-7913-4536-8CD5-59A0A534B74D}
		{C9655001-CA81-49AB-A5E6-84CAA0F5A9C2} = {E934102F-8A32-4D6F-830B-C46795C71F43}
		{1D8AF1EE-6FA0-4730-B193-92B9AB815B93} = {8C4D9309-0CB1-4CDC-9159-B426A0418C75}
		{0EE93C26-DBE7-48CE-9A9F-39AF2B72152E} = {1D8AF1EE-6FA0-4730-B193-92B9AB815B93}
		{45DAE702-A9D8-47F9-A20C-F44C535507EC} = {FC984EAC-1D81-4428-A040-2DC1670AA6F1}
		{61F05AE0-0560-4358-B3CA-171B2D6448D8} = {16CEE4C8-C03E-44E1-B6C8-F33DE81DBE25}
		{892C5855-11A9-4010-9120-45EBA7295B27} = {188C49C8-B8B3-428B-A621-2CB88ABEE59E}
		{3C3BA477-FA73-4439-9E8D-152A21ACDD0A} = {ADEAED9A-1D29-425A-A364-AD6D4F9AC9E4}
		{FC984EAC-1D81-4428-A040-2DC1670AA6F1} = {5AB1A46B-6A99-49D1-BA73-FB3370226221}
		{71436F8C-5F1F-4CF0-97E8-1AA74667D069} = {3C3BA477-FA73-4439-9E8D-152A21ACDD0A}
		{619C55C9-B7D1-415A-8FA1-5A31191E422A} = {71436F8C-5F1F-4CF0-97E8-1AA74667D069}
		{254532DE-8995-49DA-A4A0-A7BC8F6C77B3} = {619C55C9-B7D1-415A-8FA1-5A31191E422A}
		{5D6FF2A7-E5BB-4F97-9F26-41D61B95DE26} = {A28B5AD8-ACAD-41E1-9A40-7A146DEF0C49}
		{313137E0-F67D-4806-B19B-4E5F0FF96D31} = {5D6FF2A7-E5BB-4F97-9F26-41D61B95DE26}
		{823158F5-04B2-4A04-A0A4-348D2E10173D} = {0EA9D036-C52D-4BF9-A6F5-946C1FD9E848}
		{681CE2A5-3A05-4401-9D4A-0367E5716C2D} = {823158F5-04B2-4A04-A0A4-348D2E10173D}
		{75B7E73E-843D-49F2-811E-9467F6A9277D} = {8D332E78-B3F7-4CF6-8179-1F136C596CE0}
		{35D38DB8-3873-4895-B405-CCD3951528D1} = {75B7E73E-843D-49F2-811E-9467F6A9277D}
		{74EB9125-1A73-4C28-A31B-DA0CC9421579} = {75B7E73E-843D-49F2-811E-9467F6A9277D}
		{95ADFEA4-8FEA-4283-AAF8-5CD97C926CE9} = {75B7E73E-843D-49F2-811E-9467F6A9277D}
		{A1B88156-88C8-40B5-8729-E20B6A25A342} = {95ADFEA4-8FEA-4283-AAF8-5CD97C926CE9}
		{32453C30-328C-4402-BD18-F111587F495F} = {ADEAED9A-1D29-425A-A364-AD6D4F9AC9E4}
		{C26A875D-734C-448D-A9AD-1D909A6E58D1} = {32453C30-328C-4402-BD18-F111587F495F}
	EndGlobalSection
	GlobalSection(ExtensibilityGlobals) = postSolution
		SolutionGuid = {B0890CED-9ABB-4958-8A0E-76E2D8126043}
	EndGlobalSection
EndGlobal
