
Microsoft Visual Studio Solution File, Format Version 12.00
# Visual Studio Version 17
VisualStudioVersion = 17.0.32014.148
MinimumVisualStudioVersion = 10.0.40219.1
Project("{2150E333-8FDC-42A3-9474-1A3956D46DE8}") = "src", "src", "{28E4E30D-CBD7-47A2-8140-A9E3F7F95973}"
EndProject
Project("{2150E333-8FDC-42A3-9474-1A3956D46DE8}") = "test", "test", "{A1769682-C0E8-400C-8E0F-FB6BA4B7A2CB}"
	ProjectSection(SolutionItems) = preProject
		test\.runsettings = test\.runsettings
	EndProjectSection
EndProject
Project("{2150E333-8FDC-42A3-9474-1A3956D46DE8}") = "Solution Items", "Solution Items", "{16CEE4C8-C03E-44E1-B6C8-F33DE81DBE25}"
	ProjectSection(SolutionItems) = preProject
		.editorconfig = .editorconfig
		.gitignore = .gitignore
		.github\dependabot.yml = .github\dependabot.yml
		Directory.Build.props = Directory.Build.props
		forceclean.bat = forceclean.bat
		forceclean.ps1 = forceclean.ps1
		LICENSE = LICENSE
	EndProjectSection
EndProject
Project("{9A19103F-16F7-4668-BE54-9A1E7A4F7556}") = "Common.Core", "src\Common\Core\Common.Core\Common.Core.csproj", "{A6E254E3-DBC5-4109-B417-B8B20A4C1B1E}"
EndProject
Project("{9A19103F-16F7-4668-BE54-9A1E7A4F7556}") = "Common.Manager.Actors.Repositories", "src\Common\Manager\Actors\Common.Manager.Actors.Repositories\Common.Manager.Actors.Repositories.csproj", "{3AB14090-BB8C-4FAE-8E88-A48B622E676F}"
EndProject
Project("{9A19103F-16F7-4668-BE54-9A1E7A4F7556}") = "Server.Manager.Actors.Repositories.DynamoDb", "src\Server\Manager\Actors\Server.Manager.Actors.Repositories.DynamoDb\Server.Manager.Actors.Repositories.DynamoDb.csproj", "{E386EEA1-1C74-4522-91F2-404DA9171E35}"
EndProject
Project("{9A19103F-16F7-4668-BE54-9A1E7A4F7556}") = "Server.Manager.Worlds.Repositories.DynamoDb", "src\Server\Manager\Worlds\Server.Manager.Worlds.Repositories.DynamoDb\Server.Manager.Worlds.Repositories.DynamoDb.csproj", "{5BABE16B-D17A-4059-99E9-AD83A23DB8DE}"
EndProject
Project("{2150E333-8FDC-42A3-9474-1A3956D46DE8}") = "Common", "Common", "{8D332E78-B3F7-4CF6-8179-1F136C596CE0}"
EndProject
Project("{2150E333-8FDC-42A3-9474-1A3956D46DE8}") = "Core", "Core", "{4DB4965B-653E-4B56-A7C7-449B481B1E2F}"
EndProject
Project("{2150E333-8FDC-42A3-9474-1A3956D46DE8}") = "Model", "Model", "{29B0D7D9-2EFF-4BF2-9A56-150183ACACCC}"
EndProject
Project("{2150E333-8FDC-42A3-9474-1A3956D46DE8}") = "Server", "Server", "{D6E29321-97D5-47E3-B1F2-AE5FF8B010DB}"
EndProject
Project("{2150E333-8FDC-42A3-9474-1A3956D46DE8}") = "Manager", "Manager", "{3AAFE0A7-322D-41E6-8A35-9EE07AE8D4C4}"
EndProject
Project("{2150E333-8FDC-42A3-9474-1A3956D46DE8}") = "Actors", "Actors", "{BBB13D9D-2B70-4D1B-9030-4A674F48537A}"
EndProject
Project("{9A19103F-16F7-4668-BE54-9A1E7A4F7556}") = "Common.Manager.Actors", "src\Common\Manager\Actors\Common.Manager.Actors\Common.Manager.Actors.csproj", "{AD6902A7-BD8D-4114-815D-0805796B4B39}"
EndProject
Project("{2150E333-8FDC-42A3-9474-1A3956D46DE8}") = "Actors", "Actors", "{48AA8E8D-09AE-4EC3-9715-FEB500F7BB56}"
EndProject
Project("{9A19103F-16F7-4668-BE54-9A1E7A4F7556}") = "Common.Model.Actors", "src\Common\Model\Common.Model.Actors\Common.Model.Actors.csproj", "{E2950C62-2240-4C35-9383-67CF6299AFBD}"
EndProject
Project("{2150E333-8FDC-42A3-9474-1A3956D46DE8}") = "Worlds", "Worlds", "{50A64600-6B25-46C8-BE3E-A80FE4A06AA5}"
EndProject
Project("{9A19103F-16F7-4668-BE54-9A1E7A4F7556}") = "Common.Model.Worlds", "src\Common\Model\Common.Model.Worlds\Common.Model.Worlds.csproj", "{BACCC677-CD80-46CE-9696-CB6778A5628B}"
EndProject
Project("{2150E333-8FDC-42A3-9474-1A3956D46DE8}") = "Repositories", "Repositories", "{CBF32B02-5D9E-4B6D-B379-C41BC8CADE55}"
EndProject
Project("{2150E333-8FDC-42A3-9474-1A3956D46DE8}") = "Worlds", "Worlds", "{B7577FE5-86B4-4D29-AE41-C293AC307933}"
EndProject
Project("{2150E333-8FDC-42A3-9474-1A3956D46DE8}") = "Repositories", "Repositories", "{97DECDA4-1A87-4E81-BB62-4FD11D9B0B31}"
EndProject
Project("{2150E333-8FDC-42A3-9474-1A3956D46DE8}") = "DynamoDb", "DynamoDb", "{3EBEA1DD-0DF5-4757-93B7-777389E5A4CF}"
EndProject
Project("{2150E333-8FDC-42A3-9474-1A3956D46DE8}") = "DynamoDb", "DynamoDb", "{C6AD5142-85CB-4B3A-BAE0-6AABB1363949}"
EndProject
Project("{2150E333-8FDC-42A3-9474-1A3956D46DE8}") = "Service", "Service", "{D99165A0-2EC6-4B2C-8D82-7393241E6A11}"
EndProject
Project("{2150E333-8FDC-42A3-9474-1A3956D46DE8}") = "WorldBuilders", "WorldBuilders", "{8623CF88-EB73-4796-9468-5B86CFB87E0B}"
EndProject
Project("{9A19103F-16F7-4668-BE54-9A1E7A4F7556}") = "Server.Service.WorldBuilders.Lambda", "src\Server\Service\WorldBuilders\Server.Service.WorldBuilders.Lambda\Server.Service.WorldBuilders.Lambda.csproj", "{ED23DC55-5805-4C4D-8BA6-5F9F2F727C4E}"
EndProject
Project("{9A19103F-16F7-4668-BE54-9A1E7A4F7556}") = "Server.Service.WorldBuilders.Lambda.Tests", "test\Server\Service\WorldBuilder\Server.Service.WorldBuilders.Lambda.Tests\Server.Service.WorldBuilders.Lambda.Tests.csproj", "{7A5DB26D-AF61-4D6B-B4E9-9364DD56F75D}"
EndProject
Project("{2150E333-8FDC-42A3-9474-1A3956D46DE8}") = "Server", "Server", "{78EA7CDB-298B-46BB-828C-4ADD54FD7138}"
EndProject
Project("{2150E333-8FDC-42A3-9474-1A3956D46DE8}") = "Service", "Service", "{018153D8-46A4-4630-8F4F-CE50BD4843B1}"
EndProject
Project("{2150E333-8FDC-42A3-9474-1A3956D46DE8}") = "WorldBuilders", "WorldBuilders", "{64AB9DEC-C9E1-4EC2-8BA2-0E9C97159365}"
EndProject
Project("{9A19103F-16F7-4668-BE54-9A1E7A4F7556}") = "Server.Service.WorldBuilders", "src\Server\Service\WorldBuilders\Server.Service.WorldBuilders\Server.Service.WorldBuilders.csproj", "{7DB84771-8083-4F2D-B4D2-78757538044A}"
EndProject
Project("{2150E333-8FDC-42A3-9474-1A3956D46DE8}") = "Lambda", "Lambda", "{FEF5122F-E708-4C8A-9BB6-09090D00D2E4}"
EndProject
Project("{2150E333-8FDC-42A3-9474-1A3956D46DE8}") = "Lambda", "Lambda", "{546060D3-C10F-4824-BA81-FA9E0F7277C9}"
EndProject
Project("{2150E333-8FDC-42A3-9474-1A3956D46DE8}") = "Common", "Common", "{8F190989-C697-49DC-92A6-2CD10ED0405F}"
EndProject
Project("{9A19103F-16F7-4668-BE54-9A1E7A4F7556}") = "Server.Common.DynamoDb", "src\Server\Common\Server.Common.DynamoDb\Server.Common.DynamoDb.csproj", "{B5852561-96C4-4047-8F3D-E8B6A19679BE}"
EndProject
Project("{2150E333-8FDC-42A3-9474-1A3956D46DE8}") = "DynamoDb", "DynamoDb", "{85B3992E-AE58-4C88-BCE0-1B6270798C8F}"
EndProject
Project("{9A19103F-16F7-4668-BE54-9A1E7A4F7556}") = "Common.Manager.Worlds", "src\Common\Manager\Worlds\Common.Manager.Worlds\Common.Manager.Worlds.csproj", "{364168BE-9DA8-4282-9070-66DAA3F9C427}"
EndProject
Project("{9A19103F-16F7-4668-BE54-9A1E7A4F7556}") = "Common.Manager.Worlds.Repositories", "src\Common\Manager\Worlds\Common.Manager.Worlds.Repositories\Common.Manager.Worlds.Repositories.csproj", "{E7D3D4C3-0B35-449C-AE06-91ACEA253EB2}"
EndProject
Project("{2150E333-8FDC-42A3-9474-1A3956D46DE8}") = ".github", ".github", "{CC1F174E-84FC-44C0-BD5B-15012DCCB094}"
	ProjectSection(SolutionItems) = preProject
		.github\CODEOWNERS = .github\CODEOWNERS
		.github\dependabot.yml = .github\dependabot.yml
	EndProjectSection
EndProject
Project("{2150E333-8FDC-42A3-9474-1A3956D46DE8}") = "workflows", "workflows", "{5E22B6AD-5E96-4D2E-BB11-0BF174B8FD4F}"
	ProjectSection(SolutionItems) = preProject
		.github\workflows\ci.yml = .github\workflows\ci.yml
		.github\workflows\codeql.yml = .github\workflows\codeql.yml
		.github\workflows\deploy.yml = .github\workflows\deploy.yml
	EndProjectSection
EndProject
Project("{2150E333-8FDC-42A3-9474-1A3956D46DE8}") = "terraform", "terraform", "{CFA4F2F0-0437-46BF-931C-B09ECB947603}"
EndProject
Project("{2150E333-8FDC-42A3-9474-1A3956D46DE8}") = "modules", "modules", "{DB909C79-55A2-4099-936B-7EBBBEA1AF89}"
EndProject
Project("{2150E333-8FDC-42A3-9474-1A3956D46DE8}") = "world-manager", "world-manager", "{7FCF2DC6-94C5-4601-AABE-21F657F317A4}"
	ProjectSection(SolutionItems) = preProject
		terraform\modules\world-manager\_inputs.tf = terraform\modules\world-manager\_inputs.tf
		terraform\modules\world-manager\_outputs.tf = terraform\modules\world-manager\_outputs.tf
		terraform\modules\world-manager\dynamodb_world.tf = terraform\modules\world-manager\dynamodb_world.tf
	EndProjectSection
EndProject
Project("{2150E333-8FDC-42A3-9474-1A3956D46DE8}") = "environments", "environments", "{2AAA5A0C-DE1C-4F8E-8C81-E52CEA219AD9}"
EndProject
Project("{2150E333-8FDC-42A3-9474-1A3956D46DE8}") = "dev", "dev", "{D6044069-B5EC-4661-8278-8D557EB90670}"
	ProjectSection(SolutionItems) = preProject
		terraform\environments\dev\.terraform.lock.hcl = terraform\environments\dev\.terraform.lock.hcl
		terraform\environments\dev\backend.tf = terraform\environments\dev\backend.tf
		terraform\environments\dev\infrastructure.tf = terraform\environments\dev\infrastructure.tf
		terraform\environments\dev\versions.tf = terraform\environments\dev\versions.tf
	EndProjectSection
EndProject
Project("{2150E333-8FDC-42A3-9474-1A3956D46DE8}") = "prod", "prod", "{9A3371BE-F461-4CD1-B6D8-584677BB0EDE}"
	ProjectSection(SolutionItems) = preProject
		terraform\environments\prod\.terraform.lock.hcl = terraform\environments\prod\.terraform.lock.hcl
		terraform\environments\prod\backend.tf = terraform\environments\prod\backend.tf
		terraform\environments\prod\infrastructure.tf = terraform\environments\prod\infrastructure.tf
		terraform\environments\prod\versions.tf = terraform\environments\prod\versions.tf
	EndProjectSection
EndProject
Project("{2150E333-8FDC-42A3-9474-1A3956D46DE8}") = "common", "common", "{4954E5CF-4144-4AF8-BEF4-5800886C62A7}"
	ProjectSection(SolutionItems) = preProject
		terraform\common\_inputs.tf = terraform\common\_inputs.tf
		terraform\common\world-manager.tf = terraform\common\world-manager.tf
	EndProjectSection
EndProject
Project("{2150E333-8FDC-42A3-9474-1A3956D46DE8}") = "Players", "Players", "{4FB19705-8CD9-4D4B-BBF6-E99AE248A0BD}"
EndProject
Project("{2150E333-8FDC-42A3-9474-1A3956D46DE8}") = "Players", "Players", "{5A4791FB-7E90-4A41-9416-E5D46BC3AB2B}"
EndProject
Project("{9A19103F-16F7-4668-BE54-9A1E7A4F7556}") = "Common.Model.Players", "src\Common\Model\Common.Model.Players\Common.Model.Players.csproj", "{BD8F4593-6791-4ADC-9534-38EACEA094C9}"
EndProject
Project("{9A19103F-16F7-4668-BE54-9A1E7A4F7556}") = "Common.Manager.Players", "src\Common\Manager\Players\Common.Manager.Players\Common.Manager.Players.csproj", "{B612212B-6051-47A2-8E8C-E43F2213A8B5}"
EndProject
Project("{2150E333-8FDC-42A3-9474-1A3956D46DE8}") = "Repositories", "Repositories", "{AEE0D0EA-52F8-4343-964C-9EE3BA54CBB4}"
EndProject
Project("{9A19103F-16F7-4668-BE54-9A1E7A4F7556}") = "Common.Manager.Players.Repositories", "src\Common\Manager\Players\Common.Manager.Players.Repositories\Common.Manager.Players.Repositories.csproj", "{5CA5E1E2-6F17-4FCE-8D33-746BC73DEFE5}"
EndProject
Project("{2150E333-8FDC-42A3-9474-1A3956D46DE8}") = "DynamoDb", "DynamoDb", "{32CAE000-4B92-4F74-B3F9-B9256D8D42C6}"
EndProject
Project("{9A19103F-16F7-4668-BE54-9A1E7A4F7556}") = "Server.Manager.Players.Repositories.DynamoDb", "src\Server\Manager\Players\Server.Manager.Players.Repositories.DynamoDb\Server.Manager.Players.Repositories.DynamoDb.csproj", "{D358BA04-25C0-4629-8BFB-6637006848EB}"
EndProject
Project("{2150E333-8FDC-42A3-9474-1A3956D46DE8}") = "Manager", "Manager", "{0EAAE145-30D1-4EE0-A665-F858E522B8BB}"
EndProject
Project("{2150E333-8FDC-42A3-9474-1A3956D46DE8}") = "Players", "Players", "{3BB968B3-4066-40B0-BA17-76D1D7ECFDBA}"
EndProject
Project("{9A19103F-16F7-4668-BE54-9A1E7A4F7556}") = "Common.Manager.Players.Tests", "test\Common\Manager\Players\Common.Manager.Players.Tests\Common.Manager.Players.Tests.csproj", "{517C4DE7-525F-431C-AB30-7263CF42ADAF}"
EndProject
Project("{2150E333-8FDC-42A3-9474-1A3956D46DE8}") = "Actors", "Actors", "{7EFE6301-F0E7-457E-BB82-7E465230870B}"
EndProject
Project("{9A19103F-16F7-4668-BE54-9A1E7A4F7556}") = "Common.Manager.Actors.Tests", "test\Common\Manager\Actors\Common.Manager.Actors.Tests\Common.Manager.Actors.Tests.csproj", "{A9ADFDEF-0782-4519-9347-00CBC9920042}"
EndProject
Project("{2150E333-8FDC-42A3-9474-1A3956D46DE8}") = "Worlds", "Worlds", "{FACF2156-149F-4A31-8914-2C5095023F87}"
EndProject
Project("{9A19103F-16F7-4668-BE54-9A1E7A4F7556}") = "Common.Manager.Worlds.Tests", "test\Common\Manager\Worlds\Common.Manager.Worlds.Tests\Common.Manager.Worlds.Tests.csproj", "{DAED92CB-F25B-4437-98A2-E2A074387FF3}"
EndProject
Project("{2150E333-8FDC-42A3-9474-1A3956D46DE8}") = "Repositories", "Repositories", "{0437BBFB-EB98-444B-AFFB-2B7313EAD88B}"
EndProject
Project("{2150E333-8FDC-42A3-9474-1A3956D46DE8}") = "DynamoDb", "DynamoDb", "{C75F22B7-4199-43C6-9190-8070787D125E}"
EndProject
Project("{9A19103F-16F7-4668-BE54-9A1E7A4F7556}") = "Server.Manager.Actors.Repositories.DynamoDb.Tests", "test\Server\Manager\Actors\Server.Manager.Actors.Repositories.DynamoDb.Tests.csproj\Server.Manager.Actors.Repositories.DynamoDb.Tests.csproj", "{0D524930-330F-47B8-80BB-3D4A4ED5ECAD}"
EndProject
Project("{2150E333-8FDC-42A3-9474-1A3956D46DE8}") = "Repositories", "Repositories", "{875BB675-802E-4195-8E22-D3DAF2D9F716}"
EndProject
Project("{2150E333-8FDC-42A3-9474-1A3956D46DE8}") = "DynamoDb", "DynamoDb", "{132A3441-A7E7-46C7-B7FC-531A9046747D}"
EndProject
Project("{9A19103F-16F7-4668-BE54-9A1E7A4F7556}") = "Server.Manager.Players.Repositories.DynamoDb.Tests", "test\Server\Manager\Players\Server.Manager.Players.Repositories.DynamoDb.Tests\Server.Manager.Players.Repositories.DynamoDb.Tests.csproj", "{CC6AF3B7-0E47-4F54-8CB9-99CB1C446257}"
EndProject
Project("{2150E333-8FDC-42A3-9474-1A3956D46DE8}") = "Repositories", "Repositories", "{5942A181-2A2D-4DF6-A703-1A6C8D658DFE}"
EndProject
Project("{2150E333-8FDC-42A3-9474-1A3956D46DE8}") = "DynamoDb", "DynamoDb", "{759ABF0C-8841-4EA1-A1BC-B4A6BBDF00C1}"
EndProject
Project("{9A19103F-16F7-4668-BE54-9A1E7A4F7556}") = "Server.Manager.Worlds.Repositories.DynamoDb.Tests", "test\Server\Manager\Worlds\Server.Manager.Worlds.Repositories.DynamoDb.Tests\Server.Manager.Worlds.Repositories.DynamoDb.Tests.csproj", "{909FDE69-1233-40F7-A576-4A83B3733797}"
EndProject
Project("{2150E333-8FDC-42A3-9474-1A3956D46DE8}") = "Renderers", "Renderers", "{A28B5AD8-ACAD-41E1-9A40-7A146DEF0C49}"
EndProject
Project("{2150E333-8FDC-42A3-9474-1A3956D46DE8}") = "Bitmap", "Bitmap", "{C509C6A6-DD7C-4645-B5E8-852ED063F132}"
EndProject
Project("{9A19103F-16F7-4668-BE54-9A1E7A4F7556}") = "Common.Manager.Renderers", "src\Common\Manager\Renderers\Common.Manager.Renderers\Common.Manager.Renderers.csproj", "{8F08D27F-F660-4A1D-876A-6F17CE81873C}"
EndProject
Project("{2150E333-8FDC-42A3-9474-1A3956D46DE8}") = "Service", "Service", "{61A616F4-C46D-4140-9133-56C08556BC17}"
EndProject
Project("{2150E333-8FDC-42A3-9474-1A3956D46DE8}") = "Worlds", "Worlds", "{38712FEC-7F85-466D-BA5E-500F058107EE}"
EndProject
Project("{9A19103F-16F7-4668-BE54-9A1E7A4F7556}") = "Common.Service.Worlds", "src\Common\Service\Worlds\Common.Service.Worlds\Common.Service.Worlds.csproj", "{14833EB7-D56F-4C05-8DE2-EAB60D93F8CE}"
EndProject
Project("{2150E333-8FDC-42A3-9474-1A3956D46DE8}") = "Manager", "Manager", "{71EECD36-8318-4A59-81FA-F997239E8A59}"
EndProject
Project("{9A19103F-16F7-4668-BE54-9A1E7A4F7556}") = "Common.Manager.Renderers.Bitmap", "src\Common\Manager\Renderers\Common.Manager.Renderers.Bitmap\Common.Manager.Renderers.Bitmap.csproj", "{CC07B933-2DDA-4ECA-A6E7-A3D30CF60652}"
EndProject
Project("{2150E333-8FDC-42A3-9474-1A3956D46DE8}") = "Worlds", "Worlds", "{3D8A88F9-9769-40CD-BC76-CB8DCE6863B8}"
EndProject
Project("{2150E333-8FDC-42A3-9474-1A3956D46DE8}") = "Common", "Common", "{ADEAED9A-1D29-425A-A364-AD6D4F9AC9E4}"
EndProject
Project("{2150E333-8FDC-42A3-9474-1A3956D46DE8}") = "Manager", "Manager", "{26C7D36A-8CC9-4D0E-9479-7082C7050D3F}"
EndProject
Project("{2150E333-8FDC-42A3-9474-1A3956D46DE8}") = "Worlds", "Worlds", "{9E26C9A3-3342-4AF5-8FFE-3CE8C39901BE}"
EndProject
Project("{2150E333-8FDC-42A3-9474-1A3956D46DE8}") = "Repositories", "Repositories", "{D9BCFEFF-1C2B-4DF0-88FE-E773496C323B}"
EndProject
Project("{2150E333-8FDC-42A3-9474-1A3956D46DE8}") = "Repositories", "Repositories", "{0E408FCF-2A7E-48F1-8874-914C89B9BB5D}"
EndProject
Project("{2150E333-8FDC-42A3-9474-1A3956D46DE8}") = "Actors", "Actors", "{5E10F139-1A8F-446A-8F56-716E745FFC77}"
EndProject
Project("{2150E333-8FDC-42A3-9474-1A3956D46DE8}") = "Repositories", "Repositories", "{F00FB1A2-42A8-47A9-9D5D-F9CF0F45F1AE}"
EndProject
Project("{2150E333-8FDC-42A3-9474-1A3956D46DE8}") = "Actors", "Actors", "{8FCD0F31-ADA8-4D38-B2C1-4ADFF6AC30AD}"
EndProject
Project("{2150E333-8FDC-42A3-9474-1A3956D46DE8}") = "Repositories", "Repositories", "{E5B0C8EC-719F-4153-BD57-2B6E18DA3BA5}"
EndProject
Project("{2150E333-8FDC-42A3-9474-1A3956D46DE8}") = "Players", "Players", "{DBEC8F0C-1F0D-435B-8A89-7FD25FF5A38E}"
EndProject
Project("{2150E333-8FDC-42A3-9474-1A3956D46DE8}") = "Repositories", "Repositories", "{7629C427-20E8-40A7-9594-EBE716926823}"
EndProject
Project("{2150E333-8FDC-42A3-9474-1A3956D46DE8}") = "Players", "Players", "{B8F4D712-0A4E-484E-9EB5-8404166D68B0}"
EndProject
Project("{9A19103F-16F7-4668-BE54-9A1E7A4F7556}") = "Server.Service.WorldBuilders.Tests", "test\Server\Service\WorldBuilder\Server.Service.WorldBuilders\Server.Service.WorldBuilders.Tests.csproj", "{7E913C61-4448-48D3-935D-0C9C9181D1C4}"
EndProject
Project("{2150E333-8FDC-42A3-9474-1A3956D46DE8}") = "Renderers", "Renderers", "{0EA9D036-C52D-4BF9-A6F5-946C1FD9E848}"
EndProject
Project("{2150E333-8FDC-42A3-9474-1A3956D46DE8}") = "Bitmap", "Bitmap", "{D7B49D27-E264-4E37-A4BD-9E11DF269478}"
EndProject
Project("{9A19103F-16F7-4668-BE54-9A1E7A4F7556}") = "Common.Manager.Renderers.Bitmap.Tests", "test\Common\Manager\Renderers\Common.Manager.Renderers.Bitmap.Tests\Common.Manager.Renderers.Bitmap.Tests.csproj", "{9A104EC4-B608-4FC5-9EC5-A842B403770E}"
EndProject
Project("{2150E333-8FDC-42A3-9474-1A3956D46DE8}") = "Files", "Files", "{5E570901-73F2-4CE3-94AB-557705B3A357}"
EndProject
Project("{9A19103F-16F7-4668-BE54-9A1E7A4F7556}") = "Common.Manager.Files", "src\Common\Manager\Files\Common.Manager.Files\Common.Manager.Files.csproj", "{90AC12E7-66D6-4658-8B5E-42EB1B7626DC}"
EndProject
Project("{2150E333-8FDC-42A3-9474-1A3956D46DE8}") = "Repositories", "Repositories", "{CAF74291-B104-422C-BA9A-D0B7CC5D5B41}"
EndProject
Project("{9A19103F-16F7-4668-BE54-9A1E7A4F7556}") = "Common.Manager.Files.Repositories.Disk", "src\Common\Manager\Files\Common.Manager.Files.Repositories.Disk\Common.Manager.Files.Repositories.Disk.csproj", "{3D836D9F-F4C7-46A5-A9B2-9226E089A602}"
EndProject
Project("{9A19103F-16F7-4668-BE54-9A1E7A4F7556}") = "Common.Manager.Files.Repositories", "src\Common\Manager\Files\Common.Manager.Files.Repositories\Common.Manager.Files.Repositories.csproj", "{5449FE67-5C9C-4B02-8AA8-83181C535B60}"
EndProject
Project("{2150E333-8FDC-42A3-9474-1A3956D46DE8}") = "Disk", "Disk", "{927DD8A4-14AB-4550-8420-19F47B3CB638}"
EndProject
Project("{2150E333-8FDC-42A3-9474-1A3956D46DE8}") = "Files", "Files", "{7BC521B3-B587-4F2D-B0A2-729BCCB70664}"
EndProject
Project("{2150E333-8FDC-42A3-9474-1A3956D46DE8}") = "Repositories", "Repositories", "{97850973-EF13-417C-953E-5BB5702AC1E7}"
EndProject
Project("{2150E333-8FDC-42A3-9474-1A3956D46DE8}") = "Disk", "Disk", "{6FCCA67F-96AC-407B-939D-D8D83E78F0BA}"
EndProject
Project("{FAE04EC0-301F-11D3-BF4B-00C04F79EFBC}") = "Common.Manager.Files.Repositories.Disk.Tests", "test\Common\Manager\Files\Common.Manager.Files.Repositories.Disk.Tests\Common.Manager.Files.Repositories.Disk.Tests.csproj", "{3E8C94E8-C039-4E28-A0FE-2D0063F2C3BD}"
EndProject
Global
	GlobalSection(SolutionConfigurationPlatforms) = preSolution
		Debug|Any CPU = Debug|Any CPU
		Release|Any CPU = Release|Any CPU
	EndGlobalSection
	GlobalSection(ProjectConfigurationPlatforms) = postSolution
		{A6E254E3-DBC5-4109-B417-B8B20A4C1B1E}.Debug|Any CPU.ActiveCfg = Debug|Any CPU
		{A6E254E3-DBC5-4109-B417-B8B20A4C1B1E}.Debug|Any CPU.Build.0 = Debug|Any CPU
		{A6E254E3-DBC5-4109-B417-B8B20A4C1B1E}.Release|Any CPU.ActiveCfg = Release|Any CPU
		{A6E254E3-DBC5-4109-B417-B8B20A4C1B1E}.Release|Any CPU.Build.0 = Release|Any CPU
		{3AB14090-BB8C-4FAE-8E88-A48B622E676F}.Debug|Any CPU.ActiveCfg = Debug|Any CPU
		{3AB14090-BB8C-4FAE-8E88-A48B622E676F}.Debug|Any CPU.Build.0 = Debug|Any CPU
		{3AB14090-BB8C-4FAE-8E88-A48B622E676F}.Release|Any CPU.ActiveCfg = Release|Any CPU
		{3AB14090-BB8C-4FAE-8E88-A48B622E676F}.Release|Any CPU.Build.0 = Release|Any CPU
		{E386EEA1-1C74-4522-91F2-404DA9171E35}.Debug|Any CPU.ActiveCfg = Debug|Any CPU
		{E386EEA1-1C74-4522-91F2-404DA9171E35}.Debug|Any CPU.Build.0 = Debug|Any CPU
		{E386EEA1-1C74-4522-91F2-404DA9171E35}.Release|Any CPU.ActiveCfg = Release|Any CPU
		{E386EEA1-1C74-4522-91F2-404DA9171E35}.Release|Any CPU.Build.0 = Release|Any CPU
		{5BABE16B-D17A-4059-99E9-AD83A23DB8DE}.Debug|Any CPU.ActiveCfg = Debug|Any CPU
		{5BABE16B-D17A-4059-99E9-AD83A23DB8DE}.Debug|Any CPU.Build.0 = Debug|Any CPU
		{5BABE16B-D17A-4059-99E9-AD83A23DB8DE}.Release|Any CPU.ActiveCfg = Release|Any CPU
		{5BABE16B-D17A-4059-99E9-AD83A23DB8DE}.Release|Any CPU.Build.0 = Release|Any CPU
		{AD6902A7-BD8D-4114-815D-0805796B4B39}.Debug|Any CPU.ActiveCfg = Debug|Any CPU
		{AD6902A7-BD8D-4114-815D-0805796B4B39}.Debug|Any CPU.Build.0 = Debug|Any CPU
		{AD6902A7-BD8D-4114-815D-0805796B4B39}.Release|Any CPU.ActiveCfg = Release|Any CPU
		{AD6902A7-BD8D-4114-815D-0805796B4B39}.Release|Any CPU.Build.0 = Release|Any CPU
		{E2950C62-2240-4C35-9383-67CF6299AFBD}.Debug|Any CPU.ActiveCfg = Debug|Any CPU
		{E2950C62-2240-4C35-9383-67CF6299AFBD}.Debug|Any CPU.Build.0 = Debug|Any CPU
		{E2950C62-2240-4C35-9383-67CF6299AFBD}.Release|Any CPU.ActiveCfg = Release|Any CPU
		{E2950C62-2240-4C35-9383-67CF6299AFBD}.Release|Any CPU.Build.0 = Release|Any CPU
		{BACCC677-CD80-46CE-9696-CB6778A5628B}.Debug|Any CPU.ActiveCfg = Debug|Any CPU
		{BACCC677-CD80-46CE-9696-CB6778A5628B}.Debug|Any CPU.Build.0 = Debug|Any CPU
		{BACCC677-CD80-46CE-9696-CB6778A5628B}.Release|Any CPU.ActiveCfg = Release|Any CPU
		{BACCC677-CD80-46CE-9696-CB6778A5628B}.Release|Any CPU.Build.0 = Release|Any CPU
		{ED23DC55-5805-4C4D-8BA6-5F9F2F727C4E}.Debug|Any CPU.ActiveCfg = Debug|Any CPU
		{ED23DC55-5805-4C4D-8BA6-5F9F2F727C4E}.Debug|Any CPU.Build.0 = Debug|Any CPU
		{ED23DC55-5805-4C4D-8BA6-5F9F2F727C4E}.Release|Any CPU.ActiveCfg = Release|Any CPU
		{ED23DC55-5805-4C4D-8BA6-5F9F2F727C4E}.Release|Any CPU.Build.0 = Release|Any CPU
		{7A5DB26D-AF61-4D6B-B4E9-9364DD56F75D}.Debug|Any CPU.ActiveCfg = Debug|Any CPU
		{7A5DB26D-AF61-4D6B-B4E9-9364DD56F75D}.Debug|Any CPU.Build.0 = Debug|Any CPU
		{7A5DB26D-AF61-4D6B-B4E9-9364DD56F75D}.Release|Any CPU.ActiveCfg = Release|Any CPU
		{7A5DB26D-AF61-4D6B-B4E9-9364DD56F75D}.Release|Any CPU.Build.0 = Release|Any CPU
		{7DB84771-8083-4F2D-B4D2-78757538044A}.Debug|Any CPU.ActiveCfg = Debug|Any CPU
		{7DB84771-8083-4F2D-B4D2-78757538044A}.Debug|Any CPU.Build.0 = Debug|Any CPU
		{7DB84771-8083-4F2D-B4D2-78757538044A}.Release|Any CPU.ActiveCfg = Release|Any CPU
		{7DB84771-8083-4F2D-B4D2-78757538044A}.Release|Any CPU.Build.0 = Release|Any CPU
		{B5852561-96C4-4047-8F3D-E8B6A19679BE}.Debug|Any CPU.ActiveCfg = Debug|Any CPU
		{B5852561-96C4-4047-8F3D-E8B6A19679BE}.Debug|Any CPU.Build.0 = Debug|Any CPU
		{B5852561-96C4-4047-8F3D-E8B6A19679BE}.Release|Any CPU.ActiveCfg = Release|Any CPU
		{B5852561-96C4-4047-8F3D-E8B6A19679BE}.Release|Any CPU.Build.0 = Release|Any CPU
		{364168BE-9DA8-4282-9070-66DAA3F9C427}.Debug|Any CPU.ActiveCfg = Debug|Any CPU
		{364168BE-9DA8-4282-9070-66DAA3F9C427}.Debug|Any CPU.Build.0 = Debug|Any CPU
		{364168BE-9DA8-4282-9070-66DAA3F9C427}.Release|Any CPU.ActiveCfg = Release|Any CPU
		{364168BE-9DA8-4282-9070-66DAA3F9C427}.Release|Any CPU.Build.0 = Release|Any CPU
		{E7D3D4C3-0B35-449C-AE06-91ACEA253EB2}.Debug|Any CPU.ActiveCfg = Debug|Any CPU
		{E7D3D4C3-0B35-449C-AE06-91ACEA253EB2}.Debug|Any CPU.Build.0 = Debug|Any CPU
		{E7D3D4C3-0B35-449C-AE06-91ACEA253EB2}.Release|Any CPU.ActiveCfg = Release|Any CPU
		{E7D3D4C3-0B35-449C-AE06-91ACEA253EB2}.Release|Any CPU.Build.0 = Release|Any CPU
		{BD8F4593-6791-4ADC-9534-38EACEA094C9}.Debug|Any CPU.ActiveCfg = Debug|Any CPU
		{BD8F4593-6791-4ADC-9534-38EACEA094C9}.Debug|Any CPU.Build.0 = Debug|Any CPU
		{BD8F4593-6791-4ADC-9534-38EACEA094C9}.Release|Any CPU.ActiveCfg = Release|Any CPU
		{BD8F4593-6791-4ADC-9534-38EACEA094C9}.Release|Any CPU.Build.0 = Release|Any CPU
		{B612212B-6051-47A2-8E8C-E43F2213A8B5}.Debug|Any CPU.ActiveCfg = Debug|Any CPU
		{B612212B-6051-47A2-8E8C-E43F2213A8B5}.Debug|Any CPU.Build.0 = Debug|Any CPU
		{B612212B-6051-47A2-8E8C-E43F2213A8B5}.Release|Any CPU.ActiveCfg = Release|Any CPU
		{B612212B-6051-47A2-8E8C-E43F2213A8B5}.Release|Any CPU.Build.0 = Release|Any CPU
		{5CA5E1E2-6F17-4FCE-8D33-746BC73DEFE5}.Debug|Any CPU.ActiveCfg = Debug|Any CPU
		{5CA5E1E2-6F17-4FCE-8D33-746BC73DEFE5}.Debug|Any CPU.Build.0 = Debug|Any CPU
		{5CA5E1E2-6F17-4FCE-8D33-746BC73DEFE5}.Release|Any CPU.ActiveCfg = Release|Any CPU
		{5CA5E1E2-6F17-4FCE-8D33-746BC73DEFE5}.Release|Any CPU.Build.0 = Release|Any CPU
		{D358BA04-25C0-4629-8BFB-6637006848EB}.Debug|Any CPU.ActiveCfg = Debug|Any CPU
		{D358BA04-25C0-4629-8BFB-6637006848EB}.Debug|Any CPU.Build.0 = Debug|Any CPU
		{D358BA04-25C0-4629-8BFB-6637006848EB}.Release|Any CPU.ActiveCfg = Release|Any CPU
		{D358BA04-25C0-4629-8BFB-6637006848EB}.Release|Any CPU.Build.0 = Release|Any CPU
		{517C4DE7-525F-431C-AB30-7263CF42ADAF}.Debug|Any CPU.ActiveCfg = Debug|Any CPU
		{517C4DE7-525F-431C-AB30-7263CF42ADAF}.Debug|Any CPU.Build.0 = Debug|Any CPU
		{517C4DE7-525F-431C-AB30-7263CF42ADAF}.Release|Any CPU.ActiveCfg = Release|Any CPU
		{517C4DE7-525F-431C-AB30-7263CF42ADAF}.Release|Any CPU.Build.0 = Release|Any CPU
		{A9ADFDEF-0782-4519-9347-00CBC9920042}.Debug|Any CPU.ActiveCfg = Debug|Any CPU
		{A9ADFDEF-0782-4519-9347-00CBC9920042}.Debug|Any CPU.Build.0 = Debug|Any CPU
		{A9ADFDEF-0782-4519-9347-00CBC9920042}.Release|Any CPU.ActiveCfg = Release|Any CPU
		{A9ADFDEF-0782-4519-9347-00CBC9920042}.Release|Any CPU.Build.0 = Release|Any CPU
		{DAED92CB-F25B-4437-98A2-E2A074387FF3}.Debug|Any CPU.ActiveCfg = Debug|Any CPU
		{DAED92CB-F25B-4437-98A2-E2A074387FF3}.Debug|Any CPU.Build.0 = Debug|Any CPU
		{DAED92CB-F25B-4437-98A2-E2A074387FF3}.Release|Any CPU.ActiveCfg = Release|Any CPU
		{DAED92CB-F25B-4437-98A2-E2A074387FF3}.Release|Any CPU.Build.0 = Release|Any CPU
		{0D524930-330F-47B8-80BB-3D4A4ED5ECAD}.Debug|Any CPU.ActiveCfg = Debug|Any CPU
		{0D524930-330F-47B8-80BB-3D4A4ED5ECAD}.Debug|Any CPU.Build.0 = Debug|Any CPU
		{0D524930-330F-47B8-80BB-3D4A4ED5ECAD}.Release|Any CPU.ActiveCfg = Release|Any CPU
		{0D524930-330F-47B8-80BB-3D4A4ED5ECAD}.Release|Any CPU.Build.0 = Release|Any CPU
		{CC6AF3B7-0E47-4F54-8CB9-99CB1C446257}.Debug|Any CPU.ActiveCfg = Debug|Any CPU
		{CC6AF3B7-0E47-4F54-8CB9-99CB1C446257}.Debug|Any CPU.Build.0 = Debug|Any CPU
		{CC6AF3B7-0E47-4F54-8CB9-99CB1C446257}.Release|Any CPU.ActiveCfg = Release|Any CPU
		{CC6AF3B7-0E47-4F54-8CB9-99CB1C446257}.Release|Any CPU.Build.0 = Release|Any CPU
		{909FDE69-1233-40F7-A576-4A83B3733797}.Debug|Any CPU.ActiveCfg = Debug|Any CPU
		{909FDE69-1233-40F7-A576-4A83B3733797}.Debug|Any CPU.Build.0 = Debug|Any CPU
		{909FDE69-1233-40F7-A576-4A83B3733797}.Release|Any CPU.ActiveCfg = Release|Any CPU
		{909FDE69-1233-40F7-A576-4A83B3733797}.Release|Any CPU.Build.0 = Release|Any CPU
		{8F08D27F-F660-4A1D-876A-6F17CE81873C}.Debug|Any CPU.ActiveCfg = Debug|Any CPU
		{8F08D27F-F660-4A1D-876A-6F17CE81873C}.Debug|Any CPU.Build.0 = Debug|Any CPU
		{8F08D27F-F660-4A1D-876A-6F17CE81873C}.Release|Any CPU.ActiveCfg = Release|Any CPU
		{8F08D27F-F660-4A1D-876A-6F17CE81873C}.Release|Any CPU.Build.0 = Release|Any CPU
		{14833EB7-D56F-4C05-8DE2-EAB60D93F8CE}.Debug|Any CPU.ActiveCfg = Debug|Any CPU
		{14833EB7-D56F-4C05-8DE2-EAB60D93F8CE}.Debug|Any CPU.Build.0 = Debug|Any CPU
		{14833EB7-D56F-4C05-8DE2-EAB60D93F8CE}.Release|Any CPU.ActiveCfg = Release|Any CPU
		{14833EB7-D56F-4C05-8DE2-EAB60D93F8CE}.Release|Any CPU.Build.0 = Release|Any CPU
		{CC07B933-2DDA-4ECA-A6E7-A3D30CF60652}.Debug|Any CPU.ActiveCfg = Debug|Any CPU
		{CC07B933-2DDA-4ECA-A6E7-A3D30CF60652}.Debug|Any CPU.Build.0 = Debug|Any CPU
		{CC07B933-2DDA-4ECA-A6E7-A3D30CF60652}.Release|Any CPU.ActiveCfg = Release|Any CPU
		{CC07B933-2DDA-4ECA-A6E7-A3D30CF60652}.Release|Any CPU.Build.0 = Release|Any CPU
		{7E913C61-4448-48D3-935D-0C9C9181D1C4}.Debug|Any CPU.ActiveCfg = Debug|Any CPU
		{7E913C61-4448-48D3-935D-0C9C9181D1C4}.Debug|Any CPU.Build.0 = Debug|Any CPU
		{7E913C61-4448-48D3-935D-0C9C9181D1C4}.Release|Any CPU.ActiveCfg = Release|Any CPU
		{7E913C61-4448-48D3-935D-0C9C9181D1C4}.Release|Any CPU.Build.0 = Release|Any CPU
		{9A104EC4-B608-4FC5-9EC5-A842B403770E}.Debug|Any CPU.ActiveCfg = Debug|Any CPU
		{9A104EC4-B608-4FC5-9EC5-A842B403770E}.Debug|Any CPU.Build.0 = Debug|Any CPU
		{9A104EC4-B608-4FC5-9EC5-A842B403770E}.Release|Any CPU.ActiveCfg = Release|Any CPU
		{9A104EC4-B608-4FC5-9EC5-A842B403770E}.Release|Any CPU.Build.0 = Release|Any CPU
		{90AC12E7-66D6-4658-8B5E-42EB1B7626DC}.Debug|Any CPU.ActiveCfg = Debug|Any CPU
		{90AC12E7-66D6-4658-8B5E-42EB1B7626DC}.Debug|Any CPU.Build.0 = Debug|Any CPU
		{90AC12E7-66D6-4658-8B5E-42EB1B7626DC}.Release|Any CPU.ActiveCfg = Release|Any CPU
		{90AC12E7-66D6-4658-8B5E-42EB1B7626DC}.Release|Any CPU.Build.0 = Release|Any CPU
		{3D836D9F-F4C7-46A5-A9B2-9226E089A602}.Debug|Any CPU.ActiveCfg = Debug|Any CPU
		{3D836D9F-F4C7-46A5-A9B2-9226E089A602}.Debug|Any CPU.Build.0 = Debug|Any CPU
		{3D836D9F-F4C7-46A5-A9B2-9226E089A602}.Release|Any CPU.ActiveCfg = Release|Any CPU
		{3D836D9F-F4C7-46A5-A9B2-9226E089A602}.Release|Any CPU.Build.0 = Release|Any CPU
		{5449FE67-5C9C-4B02-8AA8-83181C535B60}.Debug|Any CPU.ActiveCfg = Debug|Any CPU
		{5449FE67-5C9C-4B02-8AA8-83181C535B60}.Debug|Any CPU.Build.0 = Debug|Any CPU
		{5449FE67-5C9C-4B02-8AA8-83181C535B60}.Release|Any CPU.ActiveCfg = Release|Any CPU
		{5449FE67-5C9C-4B02-8AA8-83181C535B60}.Release|Any CPU.Build.0 = Release|Any CPU
		{3E8C94E8-C039-4E28-A0FE-2D0063F2C3BD}.Debug|Any CPU.ActiveCfg = Debug|Any CPU
		{3E8C94E8-C039-4E28-A0FE-2D0063F2C3BD}.Debug|Any CPU.Build.0 = Debug|Any CPU
		{3E8C94E8-C039-4E28-A0FE-2D0063F2C3BD}.Release|Any CPU.ActiveCfg = Release|Any CPU
		{3E8C94E8-C039-4E28-A0FE-2D0063F2C3BD}.Release|Any CPU.Build.0 = Release|Any CPU
	EndGlobalSection
	GlobalSection(SolutionProperties) = preSolution
		HideSolutionNode = FALSE
	EndGlobalSection
	GlobalSection(NestedProjects) = preSolution
		{A6E254E3-DBC5-4109-B417-B8B20A4C1B1E} = {4DB4965B-653E-4B56-A7C7-449B481B1E2F}
		{3AB14090-BB8C-4FAE-8E88-A48B622E676F} = {F00FB1A2-42A8-47A9-9D5D-F9CF0F45F1AE}
		{E386EEA1-1C74-4522-91F2-404DA9171E35} = {3EBEA1DD-0DF5-4757-93B7-777389E5A4CF}
		{5BABE16B-D17A-4059-99E9-AD83A23DB8DE} = {C6AD5142-85CB-4B3A-BAE0-6AABB1363949}
		{8D332E78-B3F7-4CF6-8179-1F136C596CE0} = {28E4E30D-CBD7-47A2-8140-A9E3F7F95973}
		{4DB4965B-653E-4B56-A7C7-449B481B1E2F} = {8D332E78-B3F7-4CF6-8179-1F136C596CE0}
		{29B0D7D9-2EFF-4BF2-9A56-150183ACACCC} = {8D332E78-B3F7-4CF6-8179-1F136C596CE0}
		{D6E29321-97D5-47E3-B1F2-AE5FF8B010DB} = {28E4E30D-CBD7-47A2-8140-A9E3F7F95973}
		{3AAFE0A7-322D-41E6-8A35-9EE07AE8D4C4} = {D6E29321-97D5-47E3-B1F2-AE5FF8B010DB}
		{BBB13D9D-2B70-4D1B-9030-4A674F48537A} = {3AAFE0A7-322D-41E6-8A35-9EE07AE8D4C4}
		{AD6902A7-BD8D-4114-815D-0805796B4B39} = {5E10F139-1A8F-446A-8F56-716E745FFC77}
		{48AA8E8D-09AE-4EC3-9715-FEB500F7BB56} = {29B0D7D9-2EFF-4BF2-9A56-150183ACACCC}
		{E2950C62-2240-4C35-9383-67CF6299AFBD} = {48AA8E8D-09AE-4EC3-9715-FEB500F7BB56}
		{50A64600-6B25-46C8-BE3E-A80FE4A06AA5} = {29B0D7D9-2EFF-4BF2-9A56-150183ACACCC}
		{BACCC677-CD80-46CE-9696-CB6778A5628B} = {50A64600-6B25-46C8-BE3E-A80FE4A06AA5}
		{CBF32B02-5D9E-4B6D-B379-C41BC8CADE55} = {BBB13D9D-2B70-4D1B-9030-4A674F48537A}
		{B7577FE5-86B4-4D29-AE41-C293AC307933} = {3AAFE0A7-322D-41E6-8A35-9EE07AE8D4C4}
		{97DECDA4-1A87-4E81-BB62-4FD11D9B0B31} = {B7577FE5-86B4-4D29-AE41-C293AC307933}
		{3EBEA1DD-0DF5-4757-93B7-777389E5A4CF} = {CBF32B02-5D9E-4B6D-B379-C41BC8CADE55}
		{C6AD5142-85CB-4B3A-BAE0-6AABB1363949} = {97DECDA4-1A87-4E81-BB62-4FD11D9B0B31}
		{D99165A0-2EC6-4B2C-8D82-7393241E6A11} = {D6E29321-97D5-47E3-B1F2-AE5FF8B010DB}
		{8623CF88-EB73-4796-9468-5B86CFB87E0B} = {D99165A0-2EC6-4B2C-8D82-7393241E6A11}
		{ED23DC55-5805-4C4D-8BA6-5F9F2F727C4E} = {FEF5122F-E708-4C8A-9BB6-09090D00D2E4}
		{7A5DB26D-AF61-4D6B-B4E9-9364DD56F75D} = {546060D3-C10F-4824-BA81-FA9E0F7277C9}
		{78EA7CDB-298B-46BB-828C-4ADD54FD7138} = {A1769682-C0E8-400C-8E0F-FB6BA4B7A2CB}
		{018153D8-46A4-4630-8F4F-CE50BD4843B1} = {78EA7CDB-298B-46BB-828C-4ADD54FD7138}
		{64AB9DEC-C9E1-4EC2-8BA2-0E9C97159365} = {018153D8-46A4-4630-8F4F-CE50BD4843B1}
		{7DB84771-8083-4F2D-B4D2-78757538044A} = {8623CF88-EB73-4796-9468-5B86CFB87E0B}
		{FEF5122F-E708-4C8A-9BB6-09090D00D2E4} = {8623CF88-EB73-4796-9468-5B86CFB87E0B}
		{546060D3-C10F-4824-BA81-FA9E0F7277C9} = {64AB9DEC-C9E1-4EC2-8BA2-0E9C97159365}
		{8F190989-C697-49DC-92A6-2CD10ED0405F} = {D6E29321-97D5-47E3-B1F2-AE5FF8B010DB}
		{B5852561-96C4-4047-8F3D-E8B6A19679BE} = {85B3992E-AE58-4C88-BCE0-1B6270798C8F}
		{85B3992E-AE58-4C88-BCE0-1B6270798C8F} = {8F190989-C697-49DC-92A6-2CD10ED0405F}
		{364168BE-9DA8-4282-9070-66DAA3F9C427} = {3D8A88F9-9769-40CD-BC76-CB8DCE6863B8}
		{E7D3D4C3-0B35-449C-AE06-91ACEA253EB2} = {0E408FCF-2A7E-48F1-8874-914C89B9BB5D}
		{CC1F174E-84FC-44C0-BD5B-15012DCCB094} = {16CEE4C8-C03E-44E1-B6C8-F33DE81DBE25}
		{5E22B6AD-5E96-4D2E-BB11-0BF174B8FD4F} = {CC1F174E-84FC-44C0-BD5B-15012DCCB094}
		{CFA4F2F0-0437-46BF-931C-B09ECB947603} = {16CEE4C8-C03E-44E1-B6C8-F33DE81DBE25}
		{DB909C79-55A2-4099-936B-7EBBBEA1AF89} = {CFA4F2F0-0437-46BF-931C-B09ECB947603}
		{7FCF2DC6-94C5-4601-AABE-21F657F317A4} = {DB909C79-55A2-4099-936B-7EBBBEA1AF89}
		{2AAA5A0C-DE1C-4F8E-8C81-E52CEA219AD9} = {CFA4F2F0-0437-46BF-931C-B09ECB947603}
		{D6044069-B5EC-4661-8278-8D557EB90670} = {2AAA5A0C-DE1C-4F8E-8C81-E52CEA219AD9}
		{9A3371BE-F461-4CD1-B6D8-584677BB0EDE} = {2AAA5A0C-DE1C-4F8E-8C81-E52CEA219AD9}
		{4954E5CF-4144-4AF8-BEF4-5800886C62A7} = {CFA4F2F0-0437-46BF-931C-B09ECB947603}
		{4FB19705-8CD9-4D4B-BBF6-E99AE248A0BD} = {3AAFE0A7-322D-41E6-8A35-9EE07AE8D4C4}
		{5A4791FB-7E90-4A41-9416-E5D46BC3AB2B} = {29B0D7D9-2EFF-4BF2-9A56-150183ACACCC}
		{BD8F4593-6791-4ADC-9534-38EACEA094C9} = {5A4791FB-7E90-4A41-9416-E5D46BC3AB2B}
		{B612212B-6051-47A2-8E8C-E43F2213A8B5} = {DBEC8F0C-1F0D-435B-8A89-7FD25FF5A38E}
		{AEE0D0EA-52F8-4343-964C-9EE3BA54CBB4} = {4FB19705-8CD9-4D4B-BBF6-E99AE248A0BD}
		{5CA5E1E2-6F17-4FCE-8D33-746BC73DEFE5} = {7629C427-20E8-40A7-9594-EBE716926823}
		{32CAE000-4B92-4F74-B3F9-B9256D8D42C6} = {AEE0D0EA-52F8-4343-964C-9EE3BA54CBB4}
		{D358BA04-25C0-4629-8BFB-6637006848EB} = {32CAE000-4B92-4F74-B3F9-B9256D8D42C6}
		{0EAAE145-30D1-4EE0-A665-F858E522B8BB} = {78EA7CDB-298B-46BB-828C-4ADD54FD7138}
		{3BB968B3-4066-40B0-BA17-76D1D7ECFDBA} = {0EAAE145-30D1-4EE0-A665-F858E522B8BB}
		{517C4DE7-525F-431C-AB30-7263CF42ADAF} = {B8F4D712-0A4E-484E-9EB5-8404166D68B0}
		{7EFE6301-F0E7-457E-BB82-7E465230870B} = {0EAAE145-30D1-4EE0-A665-F858E522B8BB}
		{A9ADFDEF-0782-4519-9347-00CBC9920042} = {8FCD0F31-ADA8-4D38-B2C1-4ADFF6AC30AD}
		{FACF2156-149F-4A31-8914-2C5095023F87} = {0EAAE145-30D1-4EE0-A665-F858E522B8BB}
		{DAED92CB-F25B-4437-98A2-E2A074387FF3} = {9E26C9A3-3342-4AF5-8FFE-3CE8C39901BE}
		{0437BBFB-EB98-444B-AFFB-2B7313EAD88B} = {7EFE6301-F0E7-457E-BB82-7E465230870B}
		{C75F22B7-4199-43C6-9190-8070787D125E} = {0437BBFB-EB98-444B-AFFB-2B7313EAD88B}
		{0D524930-330F-47B8-80BB-3D4A4ED5ECAD} = {C75F22B7-4199-43C6-9190-8070787D125E}
		{875BB675-802E-4195-8E22-D3DAF2D9F716} = {3BB968B3-4066-40B0-BA17-76D1D7ECFDBA}
		{132A3441-A7E7-46C7-B7FC-531A9046747D} = {875BB675-802E-4195-8E22-D3DAF2D9F716}
		{CC6AF3B7-0E47-4F54-8CB9-99CB1C446257} = {132A3441-A7E7-46C7-B7FC-531A9046747D}
		{5942A181-2A2D-4DF6-A703-1A6C8D658DFE} = {FACF2156-149F-4A31-8914-2C5095023F87}
		{759ABF0C-8841-4EA1-A1BC-B4A6BBDF00C1} = {5942A181-2A2D-4DF6-A703-1A6C8D658DFE}
		{909FDE69-1233-40F7-A576-4A83B3733797} = {759ABF0C-8841-4EA1-A1BC-B4A6BBDF00C1}
		{A28B5AD8-ACAD-41E1-9A40-7A146DEF0C49} = {71EECD36-8318-4A59-81FA-F997239E8A59}
		{C509C6A6-DD7C-4645-B5E8-852ED063F132} = {A28B5AD8-ACAD-41E1-9A40-7A146DEF0C49}
		{8F08D27F-F660-4A1D-876A-6F17CE81873C} = {A28B5AD8-ACAD-41E1-9A40-7A146DEF0C49}
		{61A616F4-C46D-4140-9133-56C08556BC17} = {8D332E78-B3F7-4CF6-8179-1F136C596CE0}
		{38712FEC-7F85-466D-BA5E-500F058107EE} = {61A616F4-C46D-4140-9133-56C08556BC17}
		{14833EB7-D56F-4C05-8DE2-EAB60D93F8CE} = {38712FEC-7F85-466D-BA5E-500F058107EE}
		{71EECD36-8318-4A59-81FA-F997239E8A59} = {8D332E78-B3F7-4CF6-8179-1F136C596CE0}
		{CC07B933-2DDA-4ECA-A6E7-A3D30CF60652} = {C509C6A6-DD7C-4645-B5E8-852ED063F132}
		{3D8A88F9-9769-40CD-BC76-CB8DCE6863B8} = {71EECD36-8318-4A59-81FA-F997239E8A59}
		{ADEAED9A-1D29-425A-A364-AD6D4F9AC9E4} = {A1769682-C0E8-400C-8E0F-FB6BA4B7A2CB}
		{26C7D36A-8CC9-4D0E-9479-7082C7050D3F} = {ADEAED9A-1D29-425A-A364-AD6D4F9AC9E4}
		{9E26C9A3-3342-4AF5-8FFE-3CE8C39901BE} = {26C7D36A-8CC9-4D0E-9479-7082C7050D3F}
		{D9BCFEFF-1C2B-4DF0-88FE-E773496C323B} = {9E26C9A3-3342-4AF5-8FFE-3CE8C39901BE}
		{0E408FCF-2A7E-48F1-8874-914C89B9BB5D} = {3D8A88F9-9769-40CD-BC76-CB8DCE6863B8}
		{5E10F139-1A8F-446A-8F56-716E745FFC77} = {71EECD36-8318-4A59-81FA-F997239E8A59}
		{F00FB1A2-42A8-47A9-9D5D-F9CF0F45F1AE} = {5E10F139-1A8F-446A-8F56-716E745FFC77}
		{8FCD0F31-ADA8-4D38-B2C1-4ADFF6AC30AD} = {26C7D36A-8CC9-4D0E-9479-7082C7050D3F}
		{E5B0C8EC-719F-4153-BD57-2B6E18DA3BA5} = {8FCD0F31-ADA8-4D38-B2C1-4ADFF6AC30AD}
		{DBEC8F0C-1F0D-435B-8A89-7FD25FF5A38E} = {71EECD36-8318-4A59-81FA-F997239E8A59}
		{7629C427-20E8-40A7-9594-EBE716926823} = {DBEC8F0C-1F0D-435B-8A89-7FD25FF5A38E}
		{B8F4D712-0A4E-484E-9EB5-8404166D68B0} = {26C7D36A-8CC9-4D0E-9479-7082C7050D3F}
		{7E913C61-4448-48D3-935D-0C9C9181D1C4} = {64AB9DEC-C9E1-4EC2-8BA2-0E9C97159365}
		{0EA9D036-C52D-4BF9-A6F5-946C1FD9E848} = {26C7D36A-8CC9-4D0E-9479-7082C7050D3F}
		{D7B49D27-E264-4E37-A4BD-9E11DF269478} = {0EA9D036-C52D-4BF9-A6F5-946C1FD9E848}
		{9A104EC4-B608-4FC5-9EC5-A842B403770E} = {D7B49D27-E264-4E37-A4BD-9E11DF269478}
		{5E570901-73F2-4CE3-94AB-557705B3A357} = {71EECD36-8318-4A59-81FA-F997239E8A59}
		{90AC12E7-66D6-4658-8B5E-42EB1B7626DC} = {5E570901-73F2-4CE3-94AB-557705B3A357}
		{CAF74291-B104-422C-BA9A-D0B7CC5D5B41} = {5E570901-73F2-4CE3-94AB-557705B3A357}
		{3D836D9F-F4C7-46A5-A9B2-9226E089A602} = {927DD8A4-14AB-4550-8420-19F47B3CB638}
		{5449FE67-5C9C-4B02-8AA8-83181C535B60} = {CAF74291-B104-422C-BA9A-D0B7CC5D5B41}
		{927DD8A4-14AB-4550-8420-19F47B3CB638} = {CAF74291-B104-422C-BA9A-D0B7CC5D5B41}
		{7BC521B3-B587-4F2D-B0A2-729BCCB70664} = {26C7D36A-8CC9-4D0E-9479-7082C7050D3F}
		{97850973-EF13-417C-953E-5BB5702AC1E7} = {7BC521B3-B587-4F2D-B0A2-729BCCB70664}
		{6FCCA67F-96AC-407B-939D-D8D83E78F0BA} = {97850973-EF13-417C-953E-5BB5702AC1E7}
		{3E8C94E8-C039-4E28-A0FE-2D0063F2C3BD} = {6FCCA67F-96AC-407B-939D-D8D83E78F0BA}
	EndGlobalSection
	GlobalSection(ExtensibilityGlobals) = postSolution
		SolutionGuid = {B0890CED-9ABB-4958-8A0E-76E2D8126043}
	EndGlobalSection
EndGlobal
